// !$*UTF8*$!
{
	archiveVersion = 1;
	classes = {
	};
	objectVersion = 55;
	objects = {

/* Begin PBXBuildFile section */
		A747FAA9274FB16F00355FE0 /* TheOneAppApp.swift in Sources */ = {isa = PBXBuildFile; fileRef = A747FAA8274FB16F00355FE0 /* TheOneAppApp.swift */; };
		A747FAAD274FB17000355FE0 /* Assets.xcassets in Resources */ = {isa = PBXBuildFile; fileRef = A747FAAC274FB17000355FE0 /* Assets.xcassets */; };
		A747FAB0274FB17000355FE0 /* Preview Assets.xcassets in Resources */ = {isa = PBXBuildFile; fileRef = A747FAAF274FB17000355FE0 /* Preview Assets.xcassets */; };
		A747FABA274FB17000355FE0 /* TheOneAppTests.swift in Sources */ = {isa = PBXBuildFile; fileRef = A747FAB9274FB17000355FE0 /* TheOneAppTests.swift */; };
		A747FAC4274FB17000355FE0 /* TheOneAppUITests.swift in Sources */ = {isa = PBXBuildFile; fileRef = A747FAC3274FB17000355FE0 /* TheOneAppUITests.swift */; };
		A747FAC6274FB17000355FE0 /* TheOneAppUITestsLaunchTests.swift in Sources */ = {isa = PBXBuildFile; fileRef = A747FAC5274FB17000355FE0 /* TheOneAppUITestsLaunchTests.swift */; };
		A747FAD5274FE75F00355FE0 /* APIManager.swift in Sources */ = {isa = PBXBuildFile; fileRef = A747FAD4274FE75F00355FE0 /* APIManager.swift */; };
		A747FAD8274FEA0900355FE0 /* HTTPError.swift in Sources */ = {isa = PBXBuildFile; fileRef = A747FAD7274FEA0900355FE0 /* HTTPError.swift */; };
		A7EE930C274FF0510046488C /* ServerBaseResponse.swift in Sources */ = {isa = PBXBuildFile; fileRef = A7EE930B274FF0510046488C /* ServerBaseResponse.swift */; };
		A7EE930E274FF0D10046488C /* ServerCharacterResponse.swift in Sources */ = {isa = PBXBuildFile; fileRef = A7EE930D274FF0D10046488C /* ServerCharacterResponse.swift */; };
		A7EE9311274FF2220046488C /* Character.swift in Sources */ = {isa = PBXBuildFile; fileRef = A7EE9310274FF2220046488C /* Character.swift */; };
		A7EE9313274FF39B0046488C /* ServerBaseArrayResponse.swift in Sources */ = {isa = PBXBuildFile; fileRef = A7EE9312274FF39B0046488C /* ServerBaseArrayResponse.swift */; };
/* End PBXBuildFile section */

/* Begin PBXContainerItemProxy section */
		A747FAB6274FB17000355FE0 /* PBXContainerItemProxy */ = {
			isa = PBXContainerItemProxy;
			containerPortal = A747FA9D274FB16F00355FE0 /* Project object */;
			proxyType = 1;
			remoteGlobalIDString = A747FAA4274FB16F00355FE0;
			remoteInfo = TheOneApp;
		};
		A747FAC0274FB17000355FE0 /* PBXContainerItemProxy */ = {
			isa = PBXContainerItemProxy;
			containerPortal = A747FA9D274FB16F00355FE0 /* Project object */;
			proxyType = 1;
			remoteGlobalIDString = A747FAA4274FB16F00355FE0;
			remoteInfo = TheOneApp;
		};
/* End PBXContainerItemProxy section */

/* Begin PBXFileReference section */
		A747FAA5274FB16F00355FE0 /* TheOneApp.app */ = {isa = PBXFileReference; explicitFileType = wrapper.application; includeInIndex = 0; path = TheOneApp.app; sourceTree = BUILT_PRODUCTS_DIR; };
		A747FAA8274FB16F00355FE0 /* TheOneAppApp.swift */ = {isa = PBXFileReference; lastKnownFileType = sourcecode.swift; path = TheOneAppApp.swift; sourceTree = "<group>"; };
		A747FAAC274FB17000355FE0 /* Assets.xcassets */ = {isa = PBXFileReference; lastKnownFileType = folder.assetcatalog; path = Assets.xcassets; sourceTree = "<group>"; };
		A747FAAF274FB17000355FE0 /* Preview Assets.xcassets */ = {isa = PBXFileReference; lastKnownFileType = folder.assetcatalog; path = "Preview Assets.xcassets"; sourceTree = "<group>"; };
		A747FAB5274FB17000355FE0 /* TheOneAppTests.xctest */ = {isa = PBXFileReference; explicitFileType = wrapper.cfbundle; includeInIndex = 0; path = TheOneAppTests.xctest; sourceTree = BUILT_PRODUCTS_DIR; };
		A747FAB9274FB17000355FE0 /* TheOneAppTests.swift */ = {isa = PBXFileReference; lastKnownFileType = sourcecode.swift; path = TheOneAppTests.swift; sourceTree = "<group>"; };
		A747FABF274FB17000355FE0 /* TheOneAppUITests.xctest */ = {isa = PBXFileReference; explicitFileType = wrapper.cfbundle; includeInIndex = 0; path = TheOneAppUITests.xctest; sourceTree = BUILT_PRODUCTS_DIR; };
		A747FAC3274FB17000355FE0 /* TheOneAppUITests.swift */ = {isa = PBXFileReference; lastKnownFileType = sourcecode.swift; path = TheOneAppUITests.swift; sourceTree = "<group>"; };
		A747FAC5274FB17000355FE0 /* TheOneAppUITestsLaunchTests.swift */ = {isa = PBXFileReference; lastKnownFileType = sourcecode.swift; path = TheOneAppUITestsLaunchTests.swift; sourceTree = "<group>"; };
		A747FAD4274FE75F00355FE0 /* APIManager.swift */ = {isa = PBXFileReference; lastKnownFileType = sourcecode.swift; path = APIManager.swift; sourceTree = "<group>"; };
		A747FAD7274FEA0900355FE0 /* HTTPError.swift */ = {isa = PBXFileReference; lastKnownFileType = sourcecode.swift; path = HTTPError.swift; sourceTree = "<group>"; };
		A7EE930B274FF0510046488C /* ServerBaseResponse.swift */ = {isa = PBXFileReference; lastKnownFileType = sourcecode.swift; path = ServerBaseResponse.swift; sourceTree = "<group>"; };
		A7EE930D274FF0D10046488C /* ServerCharacterResponse.swift */ = {isa = PBXFileReference; lastKnownFileType = sourcecode.swift; path = ServerCharacterResponse.swift; sourceTree = "<group>"; xcLanguageSpecificationIdentifier = xcode.lang.swift; };
		A7EE9310274FF2220046488C /* Character.swift */ = {isa = PBXFileReference; lastKnownFileType = sourcecode.swift; path = Character.swift; sourceTree = "<group>"; };
		A7EE9312274FF39B0046488C /* ServerBaseArrayResponse.swift */ = {isa = PBXFileReference; fileEncoding = 4; lastKnownFileType = sourcecode.swift; path = ServerBaseArrayResponse.swift; sourceTree = "<group>"; };
/* End PBXFileReference section */

/* Begin PBXFrameworksBuildPhase section */
		A747FAA2274FB16F00355FE0 /* Frameworks */ = {
			isa = PBXFrameworksBuildPhase;
			buildActionMask = 2147483647;
			files = (
			);
			runOnlyForDeploymentPostprocessing = 0;
		};
		A747FAB2274FB17000355FE0 /* Frameworks */ = {
			isa = PBXFrameworksBuildPhase;
			buildActionMask = 2147483647;
			files = (
			);
			runOnlyForDeploymentPostprocessing = 0;
		};
		A747FABC274FB17000355FE0 /* Frameworks */ = {
			isa = PBXFrameworksBuildPhase;
			buildActionMask = 2147483647;
			files = (
			);
			runOnlyForDeploymentPostprocessing = 0;
		};
/* End PBXFrameworksBuildPhase section */

/* Begin PBXGroup section */
		A747FA9C274FB16F00355FE0 = {
			isa = PBXGroup;
			children = (
				A747FAA7274FB16F00355FE0 /* TheOneApp */,
				A747FAB8274FB17000355FE0 /* TheOneAppTests */,
				A747FAC2274FB17000355FE0 /* TheOneAppUITests */,
				A747FAA6274FB16F00355FE0 /* Products */,
			);
			sourceTree = "<group>";
		};
		A747FAA6274FB16F00355FE0 /* Products */ = {
			isa = PBXGroup;
			children = (
				A747FAA5274FB16F00355FE0 /* TheOneApp.app */,
				A747FAB5274FB17000355FE0 /* TheOneAppTests.xctest */,
				A747FABF274FB17000355FE0 /* TheOneAppUITests.xctest */,
			);
			name = Products;
			sourceTree = "<group>";
		};
		A747FAA7274FB16F00355FE0 /* TheOneApp */ = {
			isa = PBXGroup;
			children = (
				A7EE9307274FEFD50046488C /* Entities */,
				A747FAD6274FE9ED00355FE0 /* Enumerations */,
				A747FAD2274FE74200355FE0 /* API */,
				A747FAA8274FB16F00355FE0 /* TheOneAppApp.swift */,
				A747FAAC274FB17000355FE0 /* Assets.xcassets */,
				A747FAAE274FB17000355FE0 /* Preview Content */,
			);
			path = TheOneApp;
			sourceTree = "<group>";
		};
		A747FAAE274FB17000355FE0 /* Preview Content */ = {
			isa = PBXGroup;
			children = (
				A747FAAF274FB17000355FE0 /* Preview Assets.xcassets */,
			);
			path = "Preview Content";
			sourceTree = "<group>";
		};
		A747FAB8274FB17000355FE0 /* TheOneAppTests */ = {
			isa = PBXGroup;
			children = (
				A747FAB9274FB17000355FE0 /* TheOneAppTests.swift */,
			);
			path = TheOneAppTests;
			sourceTree = "<group>";
		};
		A747FAC2274FB17000355FE0 /* TheOneAppUITests */ = {
			isa = PBXGroup;
			children = (
				A747FAC3274FB17000355FE0 /* TheOneAppUITests.swift */,
				A747FAC5274FB17000355FE0 /* TheOneAppUITestsLaunchTests.swift */,
			);
			path = TheOneAppUITests;
			sourceTree = "<group>";
		};
		A747FAD2274FE74200355FE0 /* API */ = {
			isa = PBXGroup;
			children = (
				A747FAD4274FE75F00355FE0 /* APIManager.swift */,
			);
			path = API;
			sourceTree = "<group>";
		};
		A747FAD6274FE9ED00355FE0 /* Enumerations */ = {
			isa = PBXGroup;
			children = (
				A747FAD7274FEA0900355FE0 /* HTTPError.swift */,
			);
			path = Enumerations;
			sourceTree = "<group>";
		};
		A7EE9307274FEFD50046488C /* Entities */ = {
			isa = PBXGroup;
			children = (
				A7EE930F274FF2110046488C /* Entities */,
				A7EE9308274FEFE00046488C /* ServerEntities */,
			);
			path = Entities;
			sourceTree = "<group>";
		};
		A7EE9308274FEFE00046488C /* ServerEntities */ = {
			isa = PBXGroup;
			children = (
				A7EE9312274FF39B0046488C /* ServerBaseArrayResponse.swift */,
				A7EE930B274FF0510046488C /* ServerBaseResponse.swift */,
				A7EE930D274FF0D10046488C /* ServerCharacterResponse.swift */,
			);
			path = ServerEntities;
			sourceTree = "<group>";
		};
		A7EE930F274FF2110046488C /* Entities */ = {
			isa = PBXGroup;
			children = (
				A7EE9310274FF2220046488C /* Character.swift */,
			);
			path = Entities;
			sourceTree = "<group>";
		};
/* End PBXGroup section */

/* Begin PBXNativeTarget section */
		A747FAA4274FB16F00355FE0 /* TheOneApp */ = {
			isa = PBXNativeTarget;
			buildConfigurationList = A747FAC9274FB17000355FE0 /* Build configuration list for PBXNativeTarget "TheOneApp" */;
			buildPhases = (
				A747FAA1274FB16F00355FE0 /* Sources */,
				A747FAA2274FB16F00355FE0 /* Frameworks */,
				A747FAA3274FB16F00355FE0 /* Resources */,
			);
			buildRules = (
			);
			dependencies = (
			);
			name = TheOneApp;
			productName = TheOneApp;
			productReference = A747FAA5274FB16F00355FE0 /* TheOneApp.app */;
			productType = "com.apple.product-type.application";
		};
		A747FAB4274FB17000355FE0 /* TheOneAppTests */ = {
			isa = PBXNativeTarget;
			buildConfigurationList = A747FACC274FB17000355FE0 /* Build configuration list for PBXNativeTarget "TheOneAppTests" */;
			buildPhases = (
				A747FAB1274FB17000355FE0 /* Sources */,
				A747FAB2274FB17000355FE0 /* Frameworks */,
				A747FAB3274FB17000355FE0 /* Resources */,
			);
			buildRules = (
			);
			dependencies = (
				A747FAB7274FB17000355FE0 /* PBXTargetDependency */,
			);
			name = TheOneAppTests;
			productName = TheOneAppTests;
			productReference = A747FAB5274FB17000355FE0 /* TheOneAppTests.xctest */;
			productType = "com.apple.product-type.bundle.unit-test";
		};
		A747FABE274FB17000355FE0 /* TheOneAppUITests */ = {
			isa = PBXNativeTarget;
			buildConfigurationList = A747FACF274FB17000355FE0 /* Build configuration list for PBXNativeTarget "TheOneAppUITests" */;
			buildPhases = (
				A747FABB274FB17000355FE0 /* Sources */,
				A747FABC274FB17000355FE0 /* Frameworks */,
				A747FABD274FB17000355FE0 /* Resources */,
			);
			buildRules = (
			);
			dependencies = (
				A747FAC1274FB17000355FE0 /* PBXTargetDependency */,
			);
			name = TheOneAppUITests;
			productName = TheOneAppUITests;
			productReference = A747FABF274FB17000355FE0 /* TheOneAppUITests.xctest */;
			productType = "com.apple.product-type.bundle.ui-testing";
		};
/* End PBXNativeTarget section */

/* Begin PBXProject section */
		A747FA9D274FB16F00355FE0 /* Project object */ = {
			isa = PBXProject;
			attributes = {
				BuildIndependentTargetsInParallel = 1;
				LastSwiftUpdateCheck = 1300;
				LastUpgradeCheck = 1300;
				TargetAttributes = {
					A747FAA4274FB16F00355FE0 = {
						CreatedOnToolsVersion = 13.0;
					};
					A747FAB4274FB17000355FE0 = {
						CreatedOnToolsVersion = 13.0;
						TestTargetID = A747FAA4274FB16F00355FE0;
					};
					A747FABE274FB17000355FE0 = {
						CreatedOnToolsVersion = 13.0;
						TestTargetID = A747FAA4274FB16F00355FE0;
					};
				};
			};
			buildConfigurationList = A747FAA0274FB16F00355FE0 /* Build configuration list for PBXProject "TheOneApp" */;
			compatibilityVersion = "Xcode 13.0";
			developmentRegion = en;
			hasScannedForEncodings = 0;
			knownRegions = (
				en,
				Base,
			);
			mainGroup = A747FA9C274FB16F00355FE0;
			productRefGroup = A747FAA6274FB16F00355FE0 /* Products */;
			projectDirPath = "";
			projectRoot = "";
			targets = (
				A747FAA4274FB16F00355FE0 /* TheOneApp */,
				A747FAB4274FB17000355FE0 /* TheOneAppTests */,
				A747FABE274FB17000355FE0 /* TheOneAppUITests */,
			);
		};
/* End PBXProject section */

/* Begin PBXResourcesBuildPhase section */
		A747FAA3274FB16F00355FE0 /* Resources */ = {
			isa = PBXResourcesBuildPhase;
			buildActionMask = 2147483647;
			files = (
				A747FAB0274FB17000355FE0 /* Preview Assets.xcassets in Resources */,
				A747FAAD274FB17000355FE0 /* Assets.xcassets in Resources */,
			);
			runOnlyForDeploymentPostprocessing = 0;
		};
		A747FAB3274FB17000355FE0 /* Resources */ = {
			isa = PBXResourcesBuildPhase;
			buildActionMask = 2147483647;
			files = (
			);
			runOnlyForDeploymentPostprocessing = 0;
		};
		A747FABD274FB17000355FE0 /* Resources */ = {
			isa = PBXResourcesBuildPhase;
			buildActionMask = 2147483647;
			files = (
			);
			runOnlyForDeploymentPostprocessing = 0;
		};
/* End PBXResourcesBuildPhase section */

/* Begin PBXSourcesBuildPhase section */
		A747FAA1274FB16F00355FE0 /* Sources */ = {
			isa = PBXSourcesBuildPhase;
			buildActionMask = 2147483647;
			files = (
				A7EE9313274FF39B0046488C /* ServerBaseArrayResponse.swift in Sources */,
				A747FAD5274FE75F00355FE0 /* APIManager.swift in Sources */,
				A7EE9311274FF2220046488C /* Character.swift in Sources */,
				A747FAD8274FEA0900355FE0 /* HTTPError.swift in Sources */,
				A7EE930E274FF0D10046488C /* ServerCharacterResponse.swift in Sources */,
				A747FAA9274FB16F00355FE0 /* TheOneAppApp.swift in Sources */,
				A7EE930C274FF0510046488C /* ServerBaseResponse.swift in Sources */,
			);
			runOnlyForDeploymentPostprocessing = 0;
		};
		A747FAB1274FB17000355FE0 /* Sources */ = {
			isa = PBXSourcesBuildPhase;
			buildActionMask = 2147483647;
			files = (
				A747FABA274FB17000355FE0 /* TheOneAppTests.swift in Sources */,
			);
			runOnlyForDeploymentPostprocessing = 0;
		};
		A747FABB274FB17000355FE0 /* Sources */ = {
			isa = PBXSourcesBuildPhase;
			buildActionMask = 2147483647;
			files = (
				A747FAC4274FB17000355FE0 /* TheOneAppUITests.swift in Sources */,
				A747FAC6274FB17000355FE0 /* TheOneAppUITestsLaunchTests.swift in Sources */,
			);
			runOnlyForDeploymentPostprocessing = 0;
		};
/* End PBXSourcesBuildPhase section */

/* Begin PBXTargetDependency section */
		A747FAB7274FB17000355FE0 /* PBXTargetDependency */ = {
			isa = PBXTargetDependency;
			target = A747FAA4274FB16F00355FE0 /* TheOneApp */;
			targetProxy = A747FAB6274FB17000355FE0 /* PBXContainerItemProxy */;
		};
		A747FAC1274FB17000355FE0 /* PBXTargetDependency */ = {
			isa = PBXTargetDependency;
			target = A747FAA4274FB16F00355FE0 /* TheOneApp */;
			targetProxy = A747FAC0274FB17000355FE0 /* PBXContainerItemProxy */;
		};
/* End PBXTargetDependency section */

/* Begin XCBuildConfiguration section */
		A747FAC7274FB17000355FE0 /* Debug */ = {
			isa = XCBuildConfiguration;
			buildSettings = {
				ALWAYS_SEARCH_USER_PATHS = NO;
				CLANG_ANALYZER_NONNULL = YES;
				CLANG_ANALYZER_NUMBER_OBJECT_CONVERSION = YES_AGGRESSIVE;
				CLANG_CXX_LANGUAGE_STANDARD = "gnu++17";
				CLANG_CXX_LIBRARY = "libc++";
				CLANG_ENABLE_MODULES = YES;
				CLANG_ENABLE_OBJC_ARC = YES;
				CLANG_ENABLE_OBJC_WEAK = YES;
				CLANG_WARN_BLOCK_CAPTURE_AUTORELEASING = YES;
				CLANG_WARN_BOOL_CONVERSION = YES;
				CLANG_WARN_COMMA = YES;
				CLANG_WARN_CONSTANT_CONVERSION = YES;
				CLANG_WARN_DEPRECATED_OBJC_IMPLEMENTATIONS = YES;
				CLANG_WARN_DIRECT_OBJC_ISA_USAGE = YES_ERROR;
				CLANG_WARN_DOCUMENTATION_COMMENTS = YES;
				CLANG_WARN_EMPTY_BODY = YES;
				CLANG_WARN_ENUM_CONVERSION = YES;
				CLANG_WARN_INFINITE_RECURSION = YES;
				CLANG_WARN_INT_CONVERSION = YES;
				CLANG_WARN_NON_LITERAL_NULL_CONVERSION = YES;
				CLANG_WARN_OBJC_IMPLICIT_RETAIN_SELF = YES;
				CLANG_WARN_OBJC_LITERAL_CONVERSION = YES;
				CLANG_WARN_OBJC_ROOT_CLASS = YES_ERROR;
				CLANG_WARN_QUOTED_INCLUDE_IN_FRAMEWORK_HEADER = YES;
				CLANG_WARN_RANGE_LOOP_ANALYSIS = YES;
				CLANG_WARN_STRICT_PROTOTYPES = YES;
				CLANG_WARN_SUSPICIOUS_MOVE = YES;
				CLANG_WARN_UNGUARDED_AVAILABILITY = YES_AGGRESSIVE;
				CLANG_WARN_UNREACHABLE_CODE = YES;
				CLANG_WARN__DUPLICATE_METHOD_MATCH = YES;
				COPY_PHASE_STRIP = NO;
				DEBUG_INFORMATION_FORMAT = dwarf;
				ENABLE_STRICT_OBJC_MSGSEND = YES;
				ENABLE_TESTABILITY = YES;
				GCC_C_LANGUAGE_STANDARD = gnu11;
				GCC_DYNAMIC_NO_PIC = NO;
				GCC_NO_COMMON_BLOCKS = YES;
				GCC_OPTIMIZATION_LEVEL = 0;
				GCC_PREPROCESSOR_DEFINITIONS = (
					"DEBUG=1",
					"$(inherited)",
				);
				GCC_WARN_64_TO_32_BIT_CONVERSION = YES;
				GCC_WARN_ABOUT_RETURN_TYPE = YES_ERROR;
				GCC_WARN_UNDECLARED_SELECTOR = YES;
				GCC_WARN_UNINITIALIZED_AUTOS = YES_AGGRESSIVE;
				GCC_WARN_UNUSED_FUNCTION = YES;
				GCC_WARN_UNUSED_VARIABLE = YES;
				IPHONEOS_DEPLOYMENT_TARGET = 15.0;
				MTL_ENABLE_DEBUG_INFO = INCLUDE_SOURCE;
				MTL_FAST_MATH = YES;
				ONLY_ACTIVE_ARCH = YES;
				SDKROOT = iphoneos;
				SWIFT_ACTIVE_COMPILATION_CONDITIONS = DEBUG;
				SWIFT_OPTIMIZATION_LEVEL = "-Onone";
			};
			name = Debug;
		};
		A747FAC8274FB17000355FE0 /* Release */ = {
			isa = XCBuildConfiguration;
			buildSettings = {
				ALWAYS_SEARCH_USER_PATHS = NO;
				CLANG_ANALYZER_NONNULL = YES;
				CLANG_ANALYZER_NUMBER_OBJECT_CONVERSION = YES_AGGRESSIVE;
				CLANG_CXX_LANGUAGE_STANDARD = "gnu++17";
				CLANG_CXX_LIBRARY = "libc++";
				CLANG_ENABLE_MODULES = YES;
				CLANG_ENABLE_OBJC_ARC = YES;
				CLANG_ENABLE_OBJC_WEAK = YES;
				CLANG_WARN_BLOCK_CAPTURE_AUTORELEASING = YES;
				CLANG_WARN_BOOL_CONVERSION = YES;
				CLANG_WARN_COMMA = YES;
				CLANG_WARN_CONSTANT_CONVERSION = YES;
				CLANG_WARN_DEPRECATED_OBJC_IMPLEMENTATIONS = YES;
				CLANG_WARN_DIRECT_OBJC_ISA_USAGE = YES_ERROR;
				CLANG_WARN_DOCUMENTATION_COMMENTS = YES;
				CLANG_WARN_EMPTY_BODY = YES;
				CLANG_WARN_ENUM_CONVERSION = YES;
				CLANG_WARN_INFINITE_RECURSION = YES;
				CLANG_WARN_INT_CONVERSION = YES;
				CLANG_WARN_NON_LITERAL_NULL_CONVERSION = YES;
				CLANG_WARN_OBJC_IMPLICIT_RETAIN_SELF = YES;
				CLANG_WARN_OBJC_LITERAL_CONVERSION = YES;
				CLANG_WARN_OBJC_ROOT_CLASS = YES_ERROR;
				CLANG_WARN_QUOTED_INCLUDE_IN_FRAMEWORK_HEADER = YES;
				CLANG_WARN_RANGE_LOOP_ANALYSIS = YES;
				CLANG_WARN_STRICT_PROTOTYPES = YES;
				CLANG_WARN_SUSPICIOUS_MOVE = YES;
				CLANG_WARN_UNGUARDED_AVAILABILITY = YES_AGGRESSIVE;
				CLANG_WARN_UNREACHABLE_CODE = YES;
				CLANG_WARN__DUPLICATE_METHOD_MATCH = YES;
				COPY_PHASE_STRIP = NO;
				DEBUG_INFORMATION_FORMAT = "dwarf-with-dsym";
				ENABLE_NS_ASSERTIONS = NO;
				ENABLE_STRICT_OBJC_MSGSEND = YES;
				GCC_C_LANGUAGE_STANDARD = gnu11;
				GCC_NO_COMMON_BLOCKS = YES;
				GCC_WARN_64_TO_32_BIT_CONVERSION = YES;
				GCC_WARN_ABOUT_RETURN_TYPE = YES_ERROR;
				GCC_WARN_UNDECLARED_SELECTOR = YES;
				GCC_WARN_UNINITIALIZED_AUTOS = YES_AGGRESSIVE;
				GCC_WARN_UNUSED_FUNCTION = YES;
				GCC_WARN_UNUSED_VARIABLE = YES;
				IPHONEOS_DEPLOYMENT_TARGET = 15.0;
				MTL_ENABLE_DEBUG_INFO = NO;
				MTL_FAST_MATH = YES;
				SDKROOT = iphoneos;
				SWIFT_COMPILATION_MODE = wholemodule;
				SWIFT_OPTIMIZATION_LEVEL = "-O";
				VALIDATE_PRODUCT = YES;
			};
			name = Release;
		};
		A747FACA274FB17000355FE0 /* Debug */ = {
			isa = XCBuildConfiguration;
			buildSettings = {
				ASSETCATALOG_COMPILER_APPICON_NAME = AppIcon;
				ASSETCATALOG_COMPILER_GLOBAL_ACCENT_COLOR_NAME = AccentColor;
				CODE_SIGN_STYLE = Automatic;
				CURRENT_PROJECT_VERSION = 1;
				DEVELOPMENT_ASSET_PATHS = "\"TheOneApp/Preview Content\"";
				DEVELOPMENT_TEAM = F3Y5649G7F;
				ENABLE_PREVIEWS = YES;
				GENERATE_INFOPLIST_FILE = YES;
				INFOPLIST_KEY_UIApplicationSceneManifest_Generation = YES;
				INFOPLIST_KEY_UIApplicationSupportsIndirectInputEvents = YES;
				INFOPLIST_KEY_UILaunchScreen_Generation = YES;
				INFOPLIST_KEY_UISupportedInterfaceOrientations_iPad = "UIInterfaceOrientationPortrait UIInterfaceOrientationPortraitUpsideDown UIInterfaceOrientationLandscapeLeft UIInterfaceOrientationLandscapeRight";
				INFOPLIST_KEY_UISupportedInterfaceOrientations_iPhone = "UIInterfaceOrientationPortrait UIInterfaceOrientationLandscapeLeft UIInterfaceOrientationLandscapeRight";
				IPHONEOS_DEPLOYMENT_TARGET = 14.0;
				LD_RUNPATH_SEARCH_PATHS = (
					"$(inherited)",
					"@executable_path/Frameworks",
				);
				MARKETING_VERSION = 1.0;
				PRODUCT_BUNDLE_IDENTIFIER = silvia.TheOneApp;
				PRODUCT_NAME = "$(TARGET_NAME)";
				SWIFT_EMIT_LOC_STRINGS = YES;
				SWIFT_VERSION = 5.0;
				TARGETED_DEVICE_FAMILY = "1,2";
			};
			name = Debug;
		};
		A747FACB274FB17000355FE0 /* Release */ = {
			isa = XCBuildConfiguration;
			buildSettings = {
				ASSETCATALOG_COMPILER_APPICON_NAME = AppIcon;
				ASSETCATALOG_COMPILER_GLOBAL_ACCENT_COLOR_NAME = AccentColor;
				CODE_SIGN_STYLE = Automatic;
				CURRENT_PROJECT_VERSION = 1;
				DEVELOPMENT_ASSET_PATHS = "\"TheOneApp/Preview Content\"";
				DEVELOPMENT_TEAM = F3Y5649G7F;
				ENABLE_PREVIEWS = YES;
				GENERATE_INFOPLIST_FILE = YES;
				INFOPLIST_KEY_UIApplicationSceneManifest_Generation = YES;
				INFOPLIST_KEY_UIApplicationSupportsIndirectInputEvents = YES;
				INFOPLIST_KEY_UILaunchScreen_Generation = YES;
				INFOPLIST_KEY_UISupportedInterfaceOrientations_iPad = "UIInterfaceOrientationPortrait UIInterfaceOrientationPortraitUpsideDown UIInterfaceOrientationLandscapeLeft UIInterfaceOrientationLandscapeRight";
				INFOPLIST_KEY_UISupportedInterfaceOrientations_iPhone = "UIInterfaceOrientationPortrait UIInterfaceOrientationLandscapeLeft UIInterfaceOrientationLandscapeRight";
				IPHONEOS_DEPLOYMENT_TARGET = 14.0;
				LD_RUNPATH_SEARCH_PATHS = (
					"$(inherited)",
					"@executable_path/Frameworks",
				);
				MARKETING_VERSION = 1.0;
				PRODUCT_BUNDLE_IDENTIFIER = silvia.TheOneApp;
				PRODUCT_NAME = "$(TARGET_NAME)";
				SWIFT_EMIT_LOC_STRINGS = YES;
				SWIFT_VERSION = 5.0;
				TARGETED_DEVICE_FAMILY = "1,2";
			};
			name = Release;
		};
		A747FACD274FB17000355FE0 /* Debug */ = {
			isa = XCBuildConfiguration;
			buildSettings = {
				ALWAYS_EMBED_SWIFT_STANDARD_LIBRARIES = YES;
				BUNDLE_LOADER = "$(TEST_HOST)";
				CODE_SIGN_STYLE = Automatic;
				CURRENT_PROJECT_VERSION = 1;
				DEVELOPMENT_TEAM = F3Y5649G7F;
				GENERATE_INFOPLIST_FILE = YES;
				IPHONEOS_DEPLOYMENT_TARGET = 14.0;
				LD_RUNPATH_SEARCH_PATHS = (
					"$(inherited)",
					"@executable_path/Frameworks",
					"@loader_path/Frameworks",
				);
				MARKETING_VERSION = 1.0;
				PRODUCT_BUNDLE_IDENTIFIER = silvia.TheOneAppTests;
				PRODUCT_NAME = "$(TARGET_NAME)";
				SWIFT_EMIT_LOC_STRINGS = NO;
				SWIFT_VERSION = 5.0;
				TARGETED_DEVICE_FAMILY = "1,2";
				TEST_HOST = "$(BUILT_PRODUCTS_DIR)/TheOneApp.app/TheOneApp";
			};
			name = Debug;
		};
		A747FACE274FB17000355FE0 /* Release */ = {
			isa = XCBuildConfiguration;
			buildSettings = {
				ALWAYS_EMBED_SWIFT_STANDARD_LIBRARIES = YES;
				BUNDLE_LOADER = "$(TEST_HOST)";
				CODE_SIGN_STYLE = Automatic;
				CURRENT_PROJECT_VERSION = 1;
				DEVELOPMENT_TEAM = F3Y5649G7F;
				GENERATE_INFOPLIST_FILE = YES;
				IPHONEOS_DEPLOYMENT_TARGET = 14.0;
				LD_RUNPATH_SEARCH_PATHS = (
					"$(inherited)",
					"@executable_path/Frameworks",
					"@loader_path/Frameworks",
				);
				MARKETING_VERSION = 1.0;
				PRODUCT_BUNDLE_IDENTIFIER = silvia.TheOneAppTests;
				PRODUCT_NAME = "$(TARGET_NAME)";
				SWIFT_EMIT_LOC_STRINGS = NO;
				SWIFT_VERSION = 5.0;
				TARGETED_DEVICE_FAMILY = "1,2";
				TEST_HOST = "$(BUILT_PRODUCTS_DIR)/TheOneApp.app/TheOneApp";
			};
			name = Release;
		};
		A747FAD0274FB17000355FE0 /* Debug */ = {
			isa = XCBuildConfiguration;
			buildSettings = {
				ALWAYS_EMBED_SWIFT_STANDARD_LIBRARIES = YES;
				CODE_SIGN_STYLE = Automatic;
				CURRENT_PROJECT_VERSION = 1;
				DEVELOPMENT_TEAM = F3Y5649G7F;
				GENERATE_INFOPLIST_FILE = YES;
				LD_RUNPATH_SEARCH_PATHS = (
					"$(inherited)",
					"@executable_path/Frameworks",
					"@loader_path/Frameworks",
				);
				MARKETING_VERSION = 1.0;
				PRODUCT_BUNDLE_IDENTIFIER = silvia.TheOneAppUITests;
				PRODUCT_NAME = "$(TARGET_NAME)";
				SWIFT_EMIT_LOC_STRINGS = NO;
				SWIFT_VERSION = 5.0;
				TARGETED_DEVICE_FAMILY = "1,2";
				TEST_TARGET_NAME = TheOneApp;
			};
			name = Debug;
		};
		A747FAD1274FB17000355FE0 /* Release */ = {
			isa = XCBuildConfiguration;
			buildSettings = {
				ALWAYS_EMBED_SWIFT_STANDARD_LIBRARIES = YES;
				CODE_SIGN_STYLE = Automatic;
				CURRENT_PROJECT_VERSION = 1;
				DEVELOPMENT_TEAM = F3Y5649G7F;
				GENERATE_INFOPLIST_FILE = YES;
				LD_RUNPATH_SEARCH_PATHS = (
					"$(inherited)",
					"@executable_path/Frameworks",
					"@loader_path/Frameworks",
				);
				MARKETING_VERSION = 1.0;
				PRODUCT_BUNDLE_IDENTIFIER = silvia.TheOneAppUITests;
				PRODUCT_NAME = "$(TARGET_NAME)";
				SWIFT_EMIT_LOC_STRINGS = NO;
				SWIFT_VERSION = 5.0;
				TARGETED_DEVICE_FAMILY = "1,2";
				TEST_TARGET_NAME = TheOneApp;
			};
			name = Release;
		};
/* End XCBuildConfiguration section */

/* Begin XCConfigurationList section */
		A747FAA0274FB16F00355FE0 /* Build configuration list for PBXProject "TheOneApp" */ = {
			isa = XCConfigurationList;
			buildConfigurations = (
				A747FAC7274FB17000355FE0 /* Debug */,
				A747FAC8274FB17000355FE0 /* Release */,
			);
			defaultConfigurationIsVisible = 0;
			defaultConfigurationName = Release;
		};
		A747FAC9274FB17000355FE0 /* Build configuration list for PBXNativeTarget "TheOneApp" */ = {
			isa = XCConfigurationList;
			buildConfigurations = (
				A747FACA274FB17000355FE0 /* Debug */,
				A747FACB274FB17000355FE0 /* Release */,
			);
			defaultConfigurationIsVisible = 0;
			defaultConfigurationName = Release;
		};
		A747FACC274FB17000355FE0 /* Build configuration list for PBXNativeTarget "TheOneAppTests" */ = {
			isa = XCConfigurationList;
			buildConfigurations = (
				A747FACD274FB17000355FE0 /* Debug */,
				A747FACE274FB17000355FE0 /* Release */,
			);
			defaultConfigurationIsVisible = 0;
			defaultConfigurationName = Release;
		};
		A747FACF274FB17000355FE0 /* Build configuration list for PBXNativeTarget "TheOneAppUITests" */ = {
			isa = XCConfigurationList;
			buildConfigurations = (
				A747FAD0274FB17000355FE0 /* Debug */,
				A747FAD1274FB17000355FE0 /* Release */,
			);
			defaultConfigurationIsVisible = 0;
			defaultConfigurationName = Release;
		};
/* End XCConfigurationList section */
	};
	rootObject = A747FA9D274FB16F00355FE0 /* Project object */;
}
