// !$*UTF8*$!
{
	archiveVersion = 1;
	classes = {
	};
	objectVersion = 55;
	objects = {

/* Begin PBXBuildFile section */
		A7274F582768C9E400647411 /* Colors.xcassets in Resources */ = {isa = PBXBuildFile; fileRef = A7274F572768C9E400647411 /* Colors.xcassets */; };
		A747FAA9274FB16F00355FE0 /* TheOneAppApp.swift in Sources */ = {isa = PBXBuildFile; fileRef = A747FAA8274FB16F00355FE0 /* TheOneAppApp.swift */; };
		A747FAAD274FB17000355FE0 /* Assets.xcassets in Resources */ = {isa = PBXBuildFile; fileRef = A747FAAC274FB17000355FE0 /* Assets.xcassets */; };
		A747FAB0274FB17000355FE0 /* Preview Assets.xcassets in Resources */ = {isa = PBXBuildFile; fileRef = A747FAAF274FB17000355FE0 /* Preview Assets.xcassets */; };
		A747FAC4274FB17000355FE0 /* TheOneAppUITests.swift in Sources */ = {isa = PBXBuildFile; fileRef = A747FAC3274FB17000355FE0 /* TheOneAppUITests.swift */; };
		A747FAC6274FB17000355FE0 /* TheOneAppUITestsLaunchTests.swift in Sources */ = {isa = PBXBuildFile; fileRef = A747FAC5274FB17000355FE0 /* TheOneAppUITestsLaunchTests.swift */; };
		A747FAD5274FE75F00355FE0 /* APIManager.swift in Sources */ = {isa = PBXBuildFile; fileRef = A747FAD4274FE75F00355FE0 /* APIManager.swift */; };
		A747FAD8274FEA0900355FE0 /* HTTPError.swift in Sources */ = {isa = PBXBuildFile; fileRef = A747FAD7274FEA0900355FE0 /* HTTPError.swift */; };
		A777F00D276901F3001D63EC /* CharacterDetailItemView.swift in Sources */ = {isa = PBXBuildFile; fileRef = A777F00C276901F3001D63EC /* CharacterDetailItemView.swift */; };
		A777F0122769086D001D63EC /* loadingAnimationLottieJson.json in Resources */ = {isa = PBXBuildFile; fileRef = A777F00F2769086D001D63EC /* loadingAnimationLottieJson.json */; };
		A777F0132769086D001D63EC /* LoadingAnimationView.swift in Sources */ = {isa = PBXBuildFile; fileRef = A777F0102769086D001D63EC /* LoadingAnimationView.swift */; };
		A777F0142769086D001D63EC /* LoadingAnimationViewLottieImplementation.swift in Sources */ = {isa = PBXBuildFile; fileRef = A777F0112769086D001D63EC /* LoadingAnimationViewLottieImplementation.swift */; };
		A777F018276A3EA8001D63EC /* CharacterUnitTest.swift in Sources */ = {isa = PBXBuildFile; fileRef = A777F017276A3EA8001D63EC /* CharacterUnitTest.swift */; };
		A777F01B276A4228001D63EC /* ServerCharacterResponseUnitTest.swift in Sources */ = {isa = PBXBuildFile; fileRef = A777F01A276A4228001D63EC /* ServerCharacterResponseUnitTest.swift */; };
		A777F01E276A47A5001D63EC /* GetCharacterDetailUseCaseUnitTest.swift in Sources */ = {isa = PBXBuildFile; fileRef = A777F01D276A47A5001D63EC /* GetCharacterDetailUseCaseUnitTest.swift */; };
		A777F020276A48C9001D63EC /* GetAllCharactersUseCaseUnitTest.swift in Sources */ = {isa = PBXBuildFile; fileRef = A777F01F276A48C9001D63EC /* GetAllCharactersUseCaseUnitTest.swift */; };
		A777F022276A4F06001D63EC /* Movies.swift in Sources */ = {isa = PBXBuildFile; fileRef = A777F021276A4F06001D63EC /* Movies.swift */; };
		A777F024276A4FEB001D63EC /* ServerMoviesResponse.swift in Sources */ = {isa = PBXBuildFile; fileRef = A777F023276A4FEB001D63EC /* ServerMoviesResponse.swift */; };
		A777F027276A5101001D63EC /* MovieDataSource.swift in Sources */ = {isa = PBXBuildFile; fileRef = A777F026276A5101001D63EC /* MovieDataSource.swift */; };
		A777F029276B30E0001D63EC /* MovieRepository.swift in Sources */ = {isa = PBXBuildFile; fileRef = A777F028276B30E0001D63EC /* MovieRepository.swift */; };
		A777F02B276B30F9001D63EC /* MovieRepositoryImplementation.swift in Sources */ = {isa = PBXBuildFile; fileRef = A777F02A276B30F9001D63EC /* MovieRepositoryImplementation.swift */; };
		A777F02F276B5041001D63EC /* ServerMoviesResponseUnitTest.swift in Sources */ = {isa = PBXBuildFile; fileRef = A777F02E276B5041001D63EC /* ServerMoviesResponseUnitTest.swift */; };
		A777F032276B54BF001D63EC /* MockMovieRepository.swift in Sources */ = {isa = PBXBuildFile; fileRef = A777F031276B54BF001D63EC /* MockMovieRepository.swift */; };
		A777F034276B5633001D63EC /* MovieDataSourceUnitTest.swift in Sources */ = {isa = PBXBuildFile; fileRef = A777F033276B5633001D63EC /* MovieDataSourceUnitTest.swift */; };
		A777F036276B66CC001D63EC /* MovieRepositoryImplementationUnitTest.swift in Sources */ = {isa = PBXBuildFile; fileRef = A777F035276B66CC001D63EC /* MovieRepositoryImplementationUnitTest.swift */; };
		A777F03F276B742C001D63EC /* GetAllMoviesUseCase.swift in Sources */ = {isa = PBXBuildFile; fileRef = A777F03E276B742C001D63EC /* GetAllMoviesUseCase.swift */; };
		A777F041276B7454001D63EC /* GetMovieDetailUseCase.swift in Sources */ = {isa = PBXBuildFile; fileRef = A777F040276B7454001D63EC /* GetMovieDetailUseCase.swift */; };
		A777F044276B890D001D63EC /* MovieListView.swift in Sources */ = {isa = PBXBuildFile; fileRef = A777F043276B890D001D63EC /* MovieListView.swift */; };
		A777F046276B891C001D63EC /* MovieListViewModel.swift in Sources */ = {isa = PBXBuildFile; fileRef = A777F045276B891C001D63EC /* MovieListViewModel.swift */; };
		A777F04B276BA1B4001D63EC /* ImageItemView.swift in Sources */ = {isa = PBXBuildFile; fileRef = A777F04A276BA1B4001D63EC /* ImageItemView.swift */; };
		A777F04F276CAD19001D63EC /* MovieCellView.swift in Sources */ = {isa = PBXBuildFile; fileRef = A777F04E276CAD19001D63EC /* MovieCellView.swift */; };
		A785B6A1276208BA006A50FC /* CharacterCellView.swift in Sources */ = {isa = PBXBuildFile; fileRef = A785B6A0276208BA006A50FC /* CharacterCellView.swift */; };
		A785B6A527620D13006A50FC /* RenderImage.swift in Sources */ = {isa = PBXBuildFile; fileRef = A785B6A427620D13006A50FC /* RenderImage.swift */; };
		A785B6BB27623740006A50FC /* Lottie in Frameworks */ = {isa = PBXBuildFile; productRef = A785B6BA27623740006A50FC /* Lottie */; };
		A785B6CA27637876006A50FC /* Race.swift in Sources */ = {isa = PBXBuildFile; fileRef = A785B6C927637876006A50FC /* Race.swift */; };
		A785B6D32763B583006A50FC /* MockURLProtocol.swift in Sources */ = {isa = PBXBuildFile; fileRef = A785B6D22763B583006A50FC /* MockURLProtocol.swift */; };
		A785B6D82763B611006A50FC /* MockCharacterRepository.swift in Sources */ = {isa = PBXBuildFile; fileRef = A785B6D72763B611006A50FC /* MockCharacterRepository.swift */; };
		A785B6DA2763B6B8006A50FC /* CharacterDataSourceUnitTest.swift in Sources */ = {isa = PBXBuildFile; fileRef = A785B6D92763B6B8006A50FC /* CharacterDataSourceUnitTest.swift */; };
		A785B6DC2763B87E006A50FC /* CharacterRepositoryImplementationUnitTest.swift in Sources */ = {isa = PBXBuildFile; fileRef = A785B6DB2763B87E006A50FC /* CharacterRepositoryImplementationUnitTest.swift */; };
		A785B6DE276759B1006A50FC /* GetCharacterDetailUseCase.swift in Sources */ = {isa = PBXBuildFile; fileRef = A785B6DD276759B1006A50FC /* GetCharacterDetailUseCase.swift */; };
		A785B6E127676A9D006A50FC /* CharacterDetailViewModel.swift in Sources */ = {isa = PBXBuildFile; fileRef = A785B6E027676A9D006A50FC /* CharacterDetailViewModel.swift */; };
		A785B6E327676AAE006A50FC /* CharacterDetailView.swift in Sources */ = {isa = PBXBuildFile; fileRef = A785B6E227676AAE006A50FC /* CharacterDetailView.swift */; };
		A785B6EF2767B6AB006A50FC /* LaunchScreen.storyboard in Resources */ = {isa = PBXBuildFile; fileRef = A785B6ED2767B6AB006A50FC /* LaunchScreen.storyboard */; };
		A785B6F62767B7E2006A50FC /* LaunchScreen-logo.png in Resources */ = {isa = PBXBuildFile; fileRef = A785B6F52767B7E2006A50FC /* LaunchScreen-logo.png */; };
		A785B6FA27688A3A006A50FC /* MainView.swift in Sources */ = {isa = PBXBuildFile; fileRef = A785B6F927688A3A006A50FC /* MainView.swift */; };
		A785B6FC2768A45F006A50FC /* MainCellView.swift in Sources */ = {isa = PBXBuildFile; fileRef = A785B6FB2768A45F006A50FC /* MainCellView.swift */; };
		A785B6FE2768A7EB006A50FC /* MainViewModel.swift in Sources */ = {isa = PBXBuildFile; fileRef = A785B6FD2768A7EB006A50FC /* MainViewModel.swift */; };
		A7EE930C274FF0510046488C /* ServerBaseResponse.swift in Sources */ = {isa = PBXBuildFile; fileRef = A7EE930B274FF0510046488C /* ServerBaseResponse.swift */; };
		A7EE930E274FF0D10046488C /* ServerCharacterResponse.swift in Sources */ = {isa = PBXBuildFile; fileRef = A7EE930D274FF0D10046488C /* ServerCharacterResponse.swift */; };
		A7EE9311274FF2220046488C /* Character.swift in Sources */ = {isa = PBXBuildFile; fileRef = A7EE9310274FF2220046488C /* Character.swift */; };
		A7EE9313274FF39B0046488C /* ServerBaseArrayResponse.swift in Sources */ = {isa = PBXBuildFile; fileRef = A7EE9312274FF39B0046488C /* ServerBaseArrayResponse.swift */; };
		A7EE9317274FF4DA0046488C /* CharacterDataSource.swift in Sources */ = {isa = PBXBuildFile; fileRef = A7EE9316274FF4DA0046488C /* CharacterDataSource.swift */; };
		A7EE9319274FF54D0046488C /* Constants.swift in Sources */ = {isa = PBXBuildFile; fileRef = A7EE9318274FF54D0046488C /* Constants.swift */; };
		A7EE931B2750E5040046488C /* CharacterRepository.swift in Sources */ = {isa = PBXBuildFile; fileRef = A7EE931A2750E5040046488C /* CharacterRepository.swift */; };
		A7EE931D2750E5860046488C /* CharacterRepositoryImplementation.swift in Sources */ = {isa = PBXBuildFile; fileRef = A7EE931C2750E5860046488C /* CharacterRepositoryImplementation.swift */; };
		A7EE93202750EEFD0046488C /* GetAllCharactersUseCase.swift in Sources */ = {isa = PBXBuildFile; fileRef = A7EE931F2750EEFD0046488C /* GetAllCharactersUseCase.swift */; };
		A7EE93242750F0BC0046488C /* CharacterListViewModel.swift in Sources */ = {isa = PBXBuildFile; fileRef = A7EE93232750F0BC0046488C /* CharacterListViewModel.swift */; };
		A7EE93262750F0CC0046488C /* CharacterListView.swift in Sources */ = {isa = PBXBuildFile; fileRef = A7EE93252750F0CC0046488C /* CharacterListView.swift */; };
/* End PBXBuildFile section */

/* Begin PBXContainerItemProxy section */
		A747FAB6274FB17000355FE0 /* PBXContainerItemProxy */ = {
			isa = PBXContainerItemProxy;
			containerPortal = A747FA9D274FB16F00355FE0 /* Project object */;
			proxyType = 1;
			remoteGlobalIDString = A747FAA4274FB16F00355FE0;
			remoteInfo = TheOneApp;
		};
		A747FAC0274FB17000355FE0 /* PBXContainerItemProxy */ = {
			isa = PBXContainerItemProxy;
			containerPortal = A747FA9D274FB16F00355FE0 /* Project object */;
			proxyType = 1;
			remoteGlobalIDString = A747FAA4274FB16F00355FE0;
			remoteInfo = TheOneApp;
		};
/* End PBXContainerItemProxy section */

/* Begin PBXFileReference section */
		A7274F572768C9E400647411 /* Colors.xcassets */ = {isa = PBXFileReference; lastKnownFileType = folder.assetcatalog; path = Colors.xcassets; sourceTree = "<group>"; };
		A747FAA5274FB16F00355FE0 /* TheOneApp.app */ = {isa = PBXFileReference; explicitFileType = wrapper.application; includeInIndex = 0; path = TheOneApp.app; sourceTree = BUILT_PRODUCTS_DIR; };
		A747FAA8274FB16F00355FE0 /* TheOneAppApp.swift */ = {isa = PBXFileReference; lastKnownFileType = sourcecode.swift; path = TheOneAppApp.swift; sourceTree = "<group>"; };
		A747FAAC274FB17000355FE0 /* Assets.xcassets */ = {isa = PBXFileReference; lastKnownFileType = folder.assetcatalog; path = Assets.xcassets; sourceTree = "<group>"; };
		A747FAAF274FB17000355FE0 /* Preview Assets.xcassets */ = {isa = PBXFileReference; lastKnownFileType = folder.assetcatalog; path = "Preview Assets.xcassets"; sourceTree = "<group>"; };
		A747FAB5274FB17000355FE0 /* TheOneAppTests.xctest */ = {isa = PBXFileReference; explicitFileType = wrapper.cfbundle; includeInIndex = 0; path = TheOneAppTests.xctest; sourceTree = BUILT_PRODUCTS_DIR; };
		A747FABF274FB17000355FE0 /* TheOneAppUITests.xctest */ = {isa = PBXFileReference; explicitFileType = wrapper.cfbundle; includeInIndex = 0; path = TheOneAppUITests.xctest; sourceTree = BUILT_PRODUCTS_DIR; };
		A747FAC3274FB17000355FE0 /* TheOneAppUITests.swift */ = {isa = PBXFileReference; lastKnownFileType = sourcecode.swift; path = TheOneAppUITests.swift; sourceTree = "<group>"; };
		A747FAC5274FB17000355FE0 /* TheOneAppUITestsLaunchTests.swift */ = {isa = PBXFileReference; lastKnownFileType = sourcecode.swift; path = TheOneAppUITestsLaunchTests.swift; sourceTree = "<group>"; };
		A747FAD4274FE75F00355FE0 /* APIManager.swift */ = {isa = PBXFileReference; lastKnownFileType = sourcecode.swift; path = APIManager.swift; sourceTree = "<group>"; };
		A747FAD7274FEA0900355FE0 /* HTTPError.swift */ = {isa = PBXFileReference; lastKnownFileType = sourcecode.swift; path = HTTPError.swift; sourceTree = "<group>"; };
		A777F00C276901F3001D63EC /* CharacterDetailItemView.swift */ = {isa = PBXFileReference; lastKnownFileType = sourcecode.swift; path = CharacterDetailItemView.swift; sourceTree = "<group>"; };
		A777F00F2769086D001D63EC /* loadingAnimationLottieJson.json */ = {isa = PBXFileReference; fileEncoding = 4; lastKnownFileType = text.json; path = loadingAnimationLottieJson.json; sourceTree = "<group>"; };
		A777F0102769086D001D63EC /* LoadingAnimationView.swift */ = {isa = PBXFileReference; fileEncoding = 4; lastKnownFileType = sourcecode.swift; path = LoadingAnimationView.swift; sourceTree = "<group>"; };
		A777F0112769086D001D63EC /* LoadingAnimationViewLottieImplementation.swift */ = {isa = PBXFileReference; fileEncoding = 4; lastKnownFileType = sourcecode.swift; path = LoadingAnimationViewLottieImplementation.swift; sourceTree = "<group>"; };
		A777F017276A3EA8001D63EC /* CharacterUnitTest.swift */ = {isa = PBXFileReference; lastKnownFileType = sourcecode.swift; path = CharacterUnitTest.swift; sourceTree = "<group>"; };
		A777F01A276A4228001D63EC /* ServerCharacterResponseUnitTest.swift */ = {isa = PBXFileReference; lastKnownFileType = sourcecode.swift; path = ServerCharacterResponseUnitTest.swift; sourceTree = "<group>"; };
		A777F01D276A47A5001D63EC /* GetCharacterDetailUseCaseUnitTest.swift */ = {isa = PBXFileReference; lastKnownFileType = sourcecode.swift; path = GetCharacterDetailUseCaseUnitTest.swift; sourceTree = "<group>"; };
		A777F01F276A48C9001D63EC /* GetAllCharactersUseCaseUnitTest.swift */ = {isa = PBXFileReference; lastKnownFileType = sourcecode.swift; path = GetAllCharactersUseCaseUnitTest.swift; sourceTree = "<group>"; };
		A777F021276A4F06001D63EC /* Movies.swift */ = {isa = PBXFileReference; lastKnownFileType = sourcecode.swift; path = Movies.swift; sourceTree = "<group>"; };
		A777F023276A4FEB001D63EC /* ServerMoviesResponse.swift */ = {isa = PBXFileReference; lastKnownFileType = sourcecode.swift; path = ServerMoviesResponse.swift; sourceTree = "<group>"; xcLanguageSpecificationIdentifier = xcode.lang.swift; };
		A777F026276A5101001D63EC /* MovieDataSource.swift */ = {isa = PBXFileReference; lastKnownFileType = sourcecode.swift; path = MovieDataSource.swift; sourceTree = "<group>"; };
		A777F028276B30E0001D63EC /* MovieRepository.swift */ = {isa = PBXFileReference; lastKnownFileType = sourcecode.swift; path = MovieRepository.swift; sourceTree = "<group>"; };
		A777F02A276B30F9001D63EC /* MovieRepositoryImplementation.swift */ = {isa = PBXFileReference; lastKnownFileType = sourcecode.swift; path = MovieRepositoryImplementation.swift; sourceTree = "<group>"; xcLanguageSpecificationIdentifier = xcode.lang.swift; };
		A777F02E276B5041001D63EC /* ServerMoviesResponseUnitTest.swift */ = {isa = PBXFileReference; lastKnownFileType = sourcecode.swift; path = ServerMoviesResponseUnitTest.swift; sourceTree = "<group>"; };
		A777F031276B54BF001D63EC /* MockMovieRepository.swift */ = {isa = PBXFileReference; lastKnownFileType = sourcecode.swift; path = MockMovieRepository.swift; sourceTree = "<group>"; };
		A777F033276B5633001D63EC /* MovieDataSourceUnitTest.swift */ = {isa = PBXFileReference; lastKnownFileType = sourcecode.swift; path = MovieDataSourceUnitTest.swift; sourceTree = "<group>"; };
		A777F035276B66CC001D63EC /* MovieRepositoryImplementationUnitTest.swift */ = {isa = PBXFileReference; lastKnownFileType = sourcecode.swift; path = MovieRepositoryImplementationUnitTest.swift; sourceTree = "<group>"; };
		A777F03E276B742C001D63EC /* GetAllMoviesUseCase.swift */ = {isa = PBXFileReference; lastKnownFileType = sourcecode.swift; path = GetAllMoviesUseCase.swift; sourceTree = "<group>"; };
		A777F040276B7454001D63EC /* GetMovieDetailUseCase.swift */ = {isa = PBXFileReference; lastKnownFileType = sourcecode.swift; path = GetMovieDetailUseCase.swift; sourceTree = "<group>"; };
		A777F043276B890D001D63EC /* MovieListView.swift */ = {isa = PBXFileReference; lastKnownFileType = sourcecode.swift; path = MovieListView.swift; sourceTree = "<group>"; };
		A777F045276B891C001D63EC /* MovieListViewModel.swift */ = {isa = PBXFileReference; lastKnownFileType = sourcecode.swift; path = MovieListViewModel.swift; sourceTree = "<group>"; };
		A777F04A276BA1B4001D63EC /* ImageItemView.swift */ = {isa = PBXFileReference; lastKnownFileType = sourcecode.swift; path = ImageItemView.swift; sourceTree = "<group>"; };
		A777F04E276CAD19001D63EC /* MovieCellView.swift */ = {isa = PBXFileReference; lastKnownFileType = sourcecode.swift; path = MovieCellView.swift; sourceTree = "<group>"; };
		A785B6A0276208BA006A50FC /* CharacterCellView.swift */ = {isa = PBXFileReference; lastKnownFileType = sourcecode.swift; path = CharacterCellView.swift; sourceTree = "<group>"; };
		A785B6A427620D13006A50FC /* RenderImage.swift */ = {isa = PBXFileReference; lastKnownFileType = sourcecode.swift; path = RenderImage.swift; sourceTree = "<group>"; };
		A785B6C927637876006A50FC /* Race.swift */ = {isa = PBXFileReference; fileEncoding = 4; lastKnownFileType = sourcecode.swift; path = Race.swift; sourceTree = "<group>"; };
		A785B6D22763B583006A50FC /* MockURLProtocol.swift */ = {isa = PBXFileReference; lastKnownFileType = sourcecode.swift; path = MockURLProtocol.swift; sourceTree = "<group>"; };
		A785B6D72763B611006A50FC /* MockCharacterRepository.swift */ = {isa = PBXFileReference; lastKnownFileType = sourcecode.swift; path = MockCharacterRepository.swift; sourceTree = "<group>"; };
		A785B6D92763B6B8006A50FC /* CharacterDataSourceUnitTest.swift */ = {isa = PBXFileReference; lastKnownFileType = sourcecode.swift; path = CharacterDataSourceUnitTest.swift; sourceTree = "<group>"; };
		A785B6DB2763B87E006A50FC /* CharacterRepositoryImplementationUnitTest.swift */ = {isa = PBXFileReference; lastKnownFileType = sourcecode.swift; path = CharacterRepositoryImplementationUnitTest.swift; sourceTree = "<group>"; };
		A785B6DD276759B1006A50FC /* GetCharacterDetailUseCase.swift */ = {isa = PBXFileReference; lastKnownFileType = sourcecode.swift; path = GetCharacterDetailUseCase.swift; sourceTree = "<group>"; };
		A785B6E027676A9D006A50FC /* CharacterDetailViewModel.swift */ = {isa = PBXFileReference; lastKnownFileType = sourcecode.swift; path = CharacterDetailViewModel.swift; sourceTree = "<group>"; };
		A785B6E227676AAE006A50FC /* CharacterDetailView.swift */ = {isa = PBXFileReference; lastKnownFileType = sourcecode.swift; path = CharacterDetailView.swift; sourceTree = "<group>"; };
		A785B6ED2767B6AB006A50FC /* LaunchScreen.storyboard */ = {isa = PBXFileReference; fileEncoding = 4; lastKnownFileType = file.storyboard; path = LaunchScreen.storyboard; sourceTree = "<group>"; };
		A785B6F52767B7E2006A50FC /* LaunchScreen-logo.png */ = {isa = PBXFileReference; lastKnownFileType = image.png; path = "LaunchScreen-logo.png"; sourceTree = "<group>"; };
		A785B6F927688A3A006A50FC /* MainView.swift */ = {isa = PBXFileReference; lastKnownFileType = sourcecode.swift; path = MainView.swift; sourceTree = "<group>"; };
		A785B6FB2768A45F006A50FC /* MainCellView.swift */ = {isa = PBXFileReference; lastKnownFileType = sourcecode.swift; path = MainCellView.swift; sourceTree = "<group>"; };
		A785B6FD2768A7EB006A50FC /* MainViewModel.swift */ = {isa = PBXFileReference; lastKnownFileType = sourcecode.swift; path = MainViewModel.swift; sourceTree = "<group>"; };
		A7EE930B274FF0510046488C /* ServerBaseResponse.swift */ = {isa = PBXFileReference; lastKnownFileType = sourcecode.swift; path = ServerBaseResponse.swift; sourceTree = "<group>"; };
		A7EE930D274FF0D10046488C /* ServerCharacterResponse.swift */ = {isa = PBXFileReference; lastKnownFileType = sourcecode.swift; path = ServerCharacterResponse.swift; sourceTree = "<group>"; xcLanguageSpecificationIdentifier = xcode.lang.swift; };
		A7EE9310274FF2220046488C /* Character.swift */ = {isa = PBXFileReference; lastKnownFileType = sourcecode.swift; path = Character.swift; sourceTree = "<group>"; };
		A7EE9312274FF39B0046488C /* ServerBaseArrayResponse.swift */ = {isa = PBXFileReference; fileEncoding = 4; lastKnownFileType = sourcecode.swift; path = ServerBaseArrayResponse.swift; sourceTree = "<group>"; };
		A7EE9316274FF4DA0046488C /* CharacterDataSource.swift */ = {isa = PBXFileReference; lastKnownFileType = sourcecode.swift; path = CharacterDataSource.swift; sourceTree = "<group>"; };
		A7EE9318274FF54D0046488C /* Constants.swift */ = {isa = PBXFileReference; lastKnownFileType = sourcecode.swift; path = Constants.swift; sourceTree = "<group>"; };
		A7EE931A2750E5040046488C /* CharacterRepository.swift */ = {isa = PBXFileReference; lastKnownFileType = sourcecode.swift; path = CharacterRepository.swift; sourceTree = "<group>"; };
		A7EE931C2750E5860046488C /* CharacterRepositoryImplementation.swift */ = {isa = PBXFileReference; lastKnownFileType = sourcecode.swift; path = CharacterRepositoryImplementation.swift; sourceTree = "<group>"; };
		A7EE931F2750EEFD0046488C /* GetAllCharactersUseCase.swift */ = {isa = PBXFileReference; lastKnownFileType = sourcecode.swift; path = GetAllCharactersUseCase.swift; sourceTree = "<group>"; };
		A7EE93232750F0BC0046488C /* CharacterListViewModel.swift */ = {isa = PBXFileReference; lastKnownFileType = sourcecode.swift; path = CharacterListViewModel.swift; sourceTree = "<group>"; };
		A7EE93252750F0CC0046488C /* CharacterListView.swift */ = {isa = PBXFileReference; lastKnownFileType = sourcecode.swift; path = CharacterListView.swift; sourceTree = "<group>"; };
		A7EE932927510B170046488C /* Info.plist */ = {isa = PBXFileReference; lastKnownFileType = text.plist; path = Info.plist; sourceTree = "<group>"; };
/* End PBXFileReference section */

/* Begin PBXFrameworksBuildPhase section */
		A747FAA2274FB16F00355FE0 /* Frameworks */ = {
			isa = PBXFrameworksBuildPhase;
			buildActionMask = 2147483647;
			files = (
				A785B6BB27623740006A50FC /* Lottie in Frameworks */,
			);
			runOnlyForDeploymentPostprocessing = 0;
		};
		A747FAB2274FB17000355FE0 /* Frameworks */ = {
			isa = PBXFrameworksBuildPhase;
			buildActionMask = 2147483647;
			files = (
			);
			runOnlyForDeploymentPostprocessing = 0;
		};
		A747FABC274FB17000355FE0 /* Frameworks */ = {
			isa = PBXFrameworksBuildPhase;
			buildActionMask = 2147483647;
			files = (
			);
			runOnlyForDeploymentPostprocessing = 0;
		};
/* End PBXFrameworksBuildPhase section */

/* Begin PBXGroup section */
		A747FA9C274FB16F00355FE0 = {
			isa = PBXGroup;
			children = (
				A7274F572768C9E400647411 /* Colors.xcassets */,
				A747FAA7274FB16F00355FE0 /* TheOneApp */,
				A747FAB8274FB17000355FE0 /* TheOneAppTests */,
				A747FAC2274FB17000355FE0 /* TheOneAppUITests */,
				A747FAA6274FB16F00355FE0 /* Products */,
			);
			sourceTree = "<group>";
		};
		A747FAA6274FB16F00355FE0 /* Products */ = {
			isa = PBXGroup;
			children = (
				A747FAA5274FB16F00355FE0 /* TheOneApp.app */,
				A747FAB5274FB17000355FE0 /* TheOneAppTests.xctest */,
				A747FABF274FB17000355FE0 /* TheOneAppUITests.xctest */,
			);
			name = Products;
			sourceTree = "<group>";
		};
		A747FAA7274FB16F00355FE0 /* TheOneApp */ = {
			isa = PBXGroup;
			children = (
				A785B6A227620CF2006A50FC /* View */,
				A7EE932927510B170046488C /* Info.plist */,
				A7EE93212750F0960046488C /* Scenes */,
				A7EE931E2750EEDD0046488C /* UseCases */,
				A7EE9307274FEFD50046488C /* Entities */,
				A7EE9314274FF4A70046488C /* Repositories */,
				A747FAD6274FE9ED00355FE0 /* Enumerations */,
				A747FAD2274FE74200355FE0 /* API */,
				A747FAA8274FB16F00355FE0 /* TheOneAppApp.swift */,
				A747FAAC274FB17000355FE0 /* Assets.xcassets */,
				A747FAAE274FB17000355FE0 /* Preview Content */,
				A7EE9318274FF54D0046488C /* Constants.swift */,
			);
			path = TheOneApp;
			sourceTree = "<group>";
		};
		A747FAAE274FB17000355FE0 /* Preview Content */ = {
			isa = PBXGroup;
			children = (
				A747FAAF274FB17000355FE0 /* Preview Assets.xcassets */,
			);
			path = "Preview Content";
			sourceTree = "<group>";
		};
		A747FAB8274FB17000355FE0 /* TheOneAppTests */ = {
			isa = PBXGroup;
			children = (
				A777F01C276A4756001D63EC /* UseCases */,
				A777F015276A3E73001D63EC /* Entities */,
				A785B6D42763B5B4006A50FC /* Repositories */,
				A785B6D22763B583006A50FC /* MockURLProtocol.swift */,
			);
			path = TheOneAppTests;
			sourceTree = "<group>";
		};
		A747FAC2274FB17000355FE0 /* TheOneAppUITests */ = {
			isa = PBXGroup;
			children = (
				A747FAC3274FB17000355FE0 /* TheOneAppUITests.swift */,
				A747FAC5274FB17000355FE0 /* TheOneAppUITestsLaunchTests.swift */,
			);
			path = TheOneAppUITests;
			sourceTree = "<group>";
		};
		A747FAD2274FE74200355FE0 /* API */ = {
			isa = PBXGroup;
			children = (
				A747FAD4274FE75F00355FE0 /* APIManager.swift */,
			);
			path = API;
			sourceTree = "<group>";
		};
		A747FAD6274FE9ED00355FE0 /* Enumerations */ = {
			isa = PBXGroup;
			children = (
				A785B6C927637876006A50FC /* Race.swift */,
				A747FAD7274FEA0900355FE0 /* HTTPError.swift */,
			);
			path = Enumerations;
			sourceTree = "<group>";
		};
		A777F00B276901D6001D63EC /* ItemViews */ = {
			isa = PBXGroup;
			children = (
				A777F00C276901F3001D63EC /* CharacterDetailItemView.swift */,
				A777F04A276BA1B4001D63EC /* ImageItemView.swift */,
			);
			path = ItemViews;
			sourceTree = "<group>";
		};
		A777F00E2769086D001D63EC /* LoadingAnimation */ = {
			isa = PBXGroup;
			children = (
				A777F00F2769086D001D63EC /* loadingAnimationLottieJson.json */,
				A777F0102769086D001D63EC /* LoadingAnimationView.swift */,
				A777F0112769086D001D63EC /* LoadingAnimationViewLottieImplementation.swift */,
			);
			path = LoadingAnimation;
			sourceTree = "<group>";
		};
		A777F015276A3E73001D63EC /* Entities */ = {
			isa = PBXGroup;
			children = (
				A777F019276A4213001D63EC /* ServerResponse */,
				A777F016276A3E8E001D63EC /* Entities */,
			);
			path = Entities;
			sourceTree = "<group>";
		};
		A777F016276A3E8E001D63EC /* Entities */ = {
			isa = PBXGroup;
			children = (
				A777F017276A3EA8001D63EC /* CharacterUnitTest.swift */,
			);
			path = Entities;
			sourceTree = "<group>";
		};
		A777F019276A4213001D63EC /* ServerResponse */ = {
			isa = PBXGroup;
			children = (
				A777F01A276A4228001D63EC /* ServerCharacterResponseUnitTest.swift */,
				A777F02E276B5041001D63EC /* ServerMoviesResponseUnitTest.swift */,
			);
			path = ServerResponse;
			sourceTree = "<group>";
		};
		A777F01C276A4756001D63EC /* UseCases */ = {
			isa = PBXGroup;
			children = (
				A777F01D276A47A5001D63EC /* GetCharacterDetailUseCaseUnitTest.swift */,
				A777F01F276A48C9001D63EC /* GetAllCharactersUseCaseUnitTest.swift */,
			);
			path = UseCases;
			sourceTree = "<group>";
		};
		A777F025276A50EF001D63EC /* Movie */ = {
			isa = PBXGroup;
			children = (
				A777F026276A5101001D63EC /* MovieDataSource.swift */,
				A777F028276B30E0001D63EC /* MovieRepository.swift */,
				A777F02A276B30F9001D63EC /* MovieRepositoryImplementation.swift */,
			);
			path = Movie;
			sourceTree = "<group>";
		};
		A777F030276B549F001D63EC /* MovieTest */ = {
			isa = PBXGroup;
			children = (
				A777F031276B54BF001D63EC /* MockMovieRepository.swift */,
				A777F033276B5633001D63EC /* MovieDataSourceUnitTest.swift */,
				A777F035276B66CC001D63EC /* MovieRepositoryImplementationUnitTest.swift */,
			);
			path = MovieTest;
			sourceTree = "<group>";
		};
		A777F037276B722C001D63EC /* Characters */ = {
			isa = PBXGroup;
			children = (
				A7EE931F2750EEFD0046488C /* GetAllCharactersUseCase.swift */,
				A785B6DD276759B1006A50FC /* GetCharacterDetailUseCase.swift */,
			);
			path = Characters;
			sourceTree = "<group>";
		};
		A777F03D276B7408001D63EC /* Movies */ = {
			isa = PBXGroup;
			children = (
				A777F03E276B742C001D63EC /* GetAllMoviesUseCase.swift */,
				A777F040276B7454001D63EC /* GetMovieDetailUseCase.swift */,
			);
			path = Movies;
			sourceTree = "<group>";
		};
		A777F042276B8881001D63EC /* MovieList */ = {
			isa = PBXGroup;
			children = (
				A777F043276B890D001D63EC /* MovieListView.swift */,
				A777F045276B891C001D63EC /* MovieListViewModel.swift */,
			);
			path = MovieList;
			sourceTree = "<group>";
		};
		A785B69F27620843006A50FC /* ListCellViews */ = {
			isa = PBXGroup;
			children = (
				A785B6A0276208BA006A50FC /* CharacterCellView.swift */,
				A785B6FB2768A45F006A50FC /* MainCellView.swift */,
				A777F04E276CAD19001D63EC /* MovieCellView.swift */,
			);
			path = ListCellViews;
			sourceTree = "<group>";
		};
		A785B6A227620CF2006A50FC /* View */ = {
			isa = PBXGroup;
			children = (
				A777F00E2769086D001D63EC /* LoadingAnimation */,
				A785B6EC2767B6AB006A50FC /* LaunchScreen */,
				A785B6A327620CFA006A50FC /* Images */,
			);
			path = View;
			sourceTree = "<group>";
		};
		A785B6A327620CFA006A50FC /* Images */ = {
			isa = PBXGroup;
			children = (
				A785B6A427620D13006A50FC /* RenderImage.swift */,
			);
			path = Images;
			sourceTree = "<group>";
		};
		A785B6D42763B5B4006A50FC /* Repositories */ = {
			isa = PBXGroup;
			children = (
				A777F030276B549F001D63EC /* MovieTest */,
				A785B6D62763B5DD006A50FC /* CharacterTest */,
			);
			path = Repositories;
			sourceTree = "<group>";
		};
		A785B6D62763B5DD006A50FC /* CharacterTest */ = {
			isa = PBXGroup;
			children = (
				A785B6D72763B611006A50FC /* MockCharacterRepository.swift */,
				A785B6D92763B6B8006A50FC /* CharacterDataSourceUnitTest.swift */,
				A785B6DB2763B87E006A50FC /* CharacterRepositoryImplementationUnitTest.swift */,
			);
			path = CharacterTest;
			sourceTree = "<group>";
		};
		A785B6DF27676A85006A50FC /* CharacterDetail */ = {
			isa = PBXGroup;
			children = (
				A785B6E027676A9D006A50FC /* CharacterDetailViewModel.swift */,
				A785B6E227676AAE006A50FC /* CharacterDetailView.swift */,
			);
			path = CharacterDetail;
			sourceTree = "<group>";
		};
		A785B6EC2767B6AB006A50FC /* LaunchScreen */ = {
			isa = PBXGroup;
			children = (
				A785B6F52767B7E2006A50FC /* LaunchScreen-logo.png */,
				A785B6ED2767B6AB006A50FC /* LaunchScreen.storyboard */,
			);
			path = LaunchScreen;
			sourceTree = "<group>";
		};
		A785B6F727688A23006A50FC /* Main */ = {
			isa = PBXGroup;
			children = (
				A785B6F927688A3A006A50FC /* MainView.swift */,
				A785B6FD2768A7EB006A50FC /* MainViewModel.swift */,
			);
			path = Main;
			sourceTree = "<group>";
		};
		A7EE9307274FEFD50046488C /* Entities */ = {
			isa = PBXGroup;
			children = (
				A7EE930F274FF2110046488C /* Entities */,
				A7EE9308274FEFE00046488C /* ServerEntities */,
			);
			path = Entities;
			sourceTree = "<group>";
		};
		A7EE9308274FEFE00046488C /* ServerEntities */ = {
			isa = PBXGroup;
			children = (
				A7EE9312274FF39B0046488C /* ServerBaseArrayResponse.swift */,
				A7EE930B274FF0510046488C /* ServerBaseResponse.swift */,
				A7EE930D274FF0D10046488C /* ServerCharacterResponse.swift */,
				A777F023276A4FEB001D63EC /* ServerMoviesResponse.swift */,
			);
			path = ServerEntities;
			sourceTree = "<group>";
		};
		A7EE930F274FF2110046488C /* Entities */ = {
			isa = PBXGroup;
			children = (
				A7EE9310274FF2220046488C /* Character.swift */,
				A777F021276A4F06001D63EC /* Movies.swift */,
			);
			path = Entities;
			sourceTree = "<group>";
		};
		A7EE9314274FF4A70046488C /* Repositories */ = {
			isa = PBXGroup;
			children = (
				A777F025276A50EF001D63EC /* Movie */,
				A7EE9315274FF4B40046488C /* Character */,
			);
			path = Repositories;
			sourceTree = "<group>";
		};
		A7EE9315274FF4B40046488C /* Character */ = {
			isa = PBXGroup;
			children = (
				A7EE9316274FF4DA0046488C /* CharacterDataSource.swift */,
				A7EE931A2750E5040046488C /* CharacterRepository.swift */,
				A7EE931C2750E5860046488C /* CharacterRepositoryImplementation.swift */,
			);
			path = Character;
			sourceTree = "<group>";
		};
		A7EE931E2750EEDD0046488C /* UseCases */ = {
			isa = PBXGroup;
			children = (
				A777F03D276B7408001D63EC /* Movies */,
				A777F037276B722C001D63EC /* Characters */,
			);
			path = UseCases;
			sourceTree = "<group>";
		};
		A7EE93212750F0960046488C /* Scenes */ = {
			isa = PBXGroup;
			children = (
				A777F042276B8881001D63EC /* MovieList */,
				A777F00B276901D6001D63EC /* ItemViews */,
				A785B6F727688A23006A50FC /* Main */,
				A785B6DF27676A85006A50FC /* CharacterDetail */,
				A785B69F27620843006A50FC /* ListCellViews */,
				A7EE93222750F09C0046488C /* CharacterList */,
			);
			path = Scenes;
			sourceTree = "<group>";
		};
		A7EE93222750F09C0046488C /* CharacterList */ = {
			isa = PBXGroup;
			children = (
				A7EE93232750F0BC0046488C /* CharacterListViewModel.swift */,
				A7EE93252750F0CC0046488C /* CharacterListView.swift */,
			);
			path = CharacterList;
			sourceTree = "<group>";
		};
/* End PBXGroup section */

/* Begin PBXNativeTarget section */
		A747FAA4274FB16F00355FE0 /* TheOneApp */ = {
			isa = PBXNativeTarget;
			buildConfigurationList = A747FAC9274FB17000355FE0 /* Build configuration list for PBXNativeTarget "TheOneApp" */;
			buildPhases = (
				A747FAA1274FB16F00355FE0 /* Sources */,
				A747FAA2274FB16F00355FE0 /* Frameworks */,
				A747FAA3274FB16F00355FE0 /* Resources */,
			);
			buildRules = (
			);
			dependencies = (
			);
			name = TheOneApp;
			packageProductDependencies = (
				A785B6BA27623740006A50FC /* Lottie */,
			);
			productName = TheOneApp;
			productReference = A747FAA5274FB16F00355FE0 /* TheOneApp.app */;
			productType = "com.apple.product-type.application";
		};
		A747FAB4274FB17000355FE0 /* TheOneAppTests */ = {
			isa = PBXNativeTarget;
			buildConfigurationList = A747FACC274FB17000355FE0 /* Build configuration list for PBXNativeTarget "TheOneAppTests" */;
			buildPhases = (
				A747FAB1274FB17000355FE0 /* Sources */,
				A747FAB2274FB17000355FE0 /* Frameworks */,
				A747FAB3274FB17000355FE0 /* Resources */,
			);
			buildRules = (
			);
			dependencies = (
				A747FAB7274FB17000355FE0 /* PBXTargetDependency */,
			);
			name = TheOneAppTests;
			productName = TheOneAppTests;
			productReference = A747FAB5274FB17000355FE0 /* TheOneAppTests.xctest */;
			productType = "com.apple.product-type.bundle.unit-test";
		};
		A747FABE274FB17000355FE0 /* TheOneAppUITests */ = {
			isa = PBXNativeTarget;
			buildConfigurationList = A747FACF274FB17000355FE0 /* Build configuration list for PBXNativeTarget "TheOneAppUITests" */;
			buildPhases = (
				A747FABB274FB17000355FE0 /* Sources */,
				A747FABC274FB17000355FE0 /* Frameworks */,
				A747FABD274FB17000355FE0 /* Resources */,
			);
			buildRules = (
			);
			dependencies = (
				A747FAC1274FB17000355FE0 /* PBXTargetDependency */,
			);
			name = TheOneAppUITests;
			productName = TheOneAppUITests;
			productReference = A747FABF274FB17000355FE0 /* TheOneAppUITests.xctest */;
			productType = "com.apple.product-type.bundle.ui-testing";
		};
/* End PBXNativeTarget section */

/* Begin PBXProject section */
		A747FA9D274FB16F00355FE0 /* Project object */ = {
			isa = PBXProject;
			attributes = {
				BuildIndependentTargetsInParallel = 1;
				LastSwiftUpdateCheck = 1300;
				LastUpgradeCheck = 1300;
				TargetAttributes = {
					A747FAA4274FB16F00355FE0 = {
						CreatedOnToolsVersion = 13.0;
					};
					A747FAB4274FB17000355FE0 = {
						CreatedOnToolsVersion = 13.0;
						TestTargetID = A747FAA4274FB16F00355FE0;
					};
					A747FABE274FB17000355FE0 = {
						CreatedOnToolsVersion = 13.0;
						TestTargetID = A747FAA4274FB16F00355FE0;
					};
				};
			};
			buildConfigurationList = A747FAA0274FB16F00355FE0 /* Build configuration list for PBXProject "TheOneApp" */;
			compatibilityVersion = "Xcode 13.0";
			developmentRegion = en;
			hasScannedForEncodings = 0;
			knownRegions = (
				en,
				Base,
			);
			mainGroup = A747FA9C274FB16F00355FE0;
			packageReferences = (
				A785B6B927623740006A50FC /* XCRemoteSwiftPackageReference "lottie-ios" */,
			);
			productRefGroup = A747FAA6274FB16F00355FE0 /* Products */;
			projectDirPath = "";
			projectRoot = "";
			targets = (
				A747FAA4274FB16F00355FE0 /* TheOneApp */,
				A747FAB4274FB17000355FE0 /* TheOneAppTests */,
				A747FABE274FB17000355FE0 /* TheOneAppUITests */,
			);
		};
/* End PBXProject section */

/* Begin PBXResourcesBuildPhase section */
		A747FAA3274FB16F00355FE0 /* Resources */ = {
			isa = PBXResourcesBuildPhase;
			buildActionMask = 2147483647;
			files = (
				A747FAB0274FB17000355FE0 /* Preview Assets.xcassets in Resources */,
				A785B6EF2767B6AB006A50FC /* LaunchScreen.storyboard in Resources */,
				A785B6F62767B7E2006A50FC /* LaunchScreen-logo.png in Resources */,
				A7274F582768C9E400647411 /* Colors.xcassets in Resources */,
				A777F0122769086D001D63EC /* loadingAnimationLottieJson.json in Resources */,
				A747FAAD274FB17000355FE0 /* Assets.xcassets in Resources */,
			);
			runOnlyForDeploymentPostprocessing = 0;
		};
		A747FAB3274FB17000355FE0 /* Resources */ = {
			isa = PBXResourcesBuildPhase;
			buildActionMask = 2147483647;
			files = (
			);
			runOnlyForDeploymentPostprocessing = 0;
		};
		A747FABD274FB17000355FE0 /* Resources */ = {
			isa = PBXResourcesBuildPhase;
			buildActionMask = 2147483647;
			files = (
			);
			runOnlyForDeploymentPostprocessing = 0;
		};
/* End PBXResourcesBuildPhase section */

/* Begin PBXSourcesBuildPhase section */
		A747FAA1274FB16F00355FE0 /* Sources */ = {
			isa = PBXSourcesBuildPhase;
			buildActionMask = 2147483647;
			files = (
				A785B6E127676A9D006A50FC /* CharacterDetailViewModel.swift in Sources */,
				A785B6E327676AAE006A50FC /* CharacterDetailView.swift in Sources */,
				A7EE93242750F0BC0046488C /* CharacterListViewModel.swift in Sources */,
				A777F044276B890D001D63EC /* MovieListView.swift in Sources */,
				A7EE9313274FF39B0046488C /* ServerBaseArrayResponse.swift in Sources */,
				A7EE93262750F0CC0046488C /* CharacterListView.swift in Sources */,
				A777F041276B7454001D63EC /* GetMovieDetailUseCase.swift in Sources */,
				A777F027276A5101001D63EC /* MovieDataSource.swift in Sources */,
				A785B6FE2768A7EB006A50FC /* MainViewModel.swift in Sources */,
				A777F0132769086D001D63EC /* LoadingAnimationView.swift in Sources */,
				A777F029276B30E0001D63EC /* MovieRepository.swift in Sources */,
				A777F03F276B742C001D63EC /* GetAllMoviesUseCase.swift in Sources */,
				A785B6CA27637876006A50FC /* Race.swift in Sources */,
				A747FAD5274FE75F00355FE0 /* APIManager.swift in Sources */,
				A777F0142769086D001D63EC /* LoadingAnimationViewLottieImplementation.swift in Sources */,
				A777F024276A4FEB001D63EC /* ServerMoviesResponse.swift in Sources */,
				A777F04F276CAD19001D63EC /* MovieCellView.swift in Sources */,
				A7EE9311274FF2220046488C /* Character.swift in Sources */,
				A747FAD8274FEA0900355FE0 /* HTTPError.swift in Sources */,
				A7EE9317274FF4DA0046488C /* CharacterDataSource.swift in Sources */,
				A7EE930E274FF0D10046488C /* ServerCharacterResponse.swift in Sources */,
				A785B6FC2768A45F006A50FC /* MainCellView.swift in Sources */,
				A785B6DE276759B1006A50FC /* GetCharacterDetailUseCase.swift in Sources */,
				A785B6A1276208BA006A50FC /* CharacterCellView.swift in Sources */,
				A7EE93202750EEFD0046488C /* GetAllCharactersUseCase.swift in Sources */,
				A777F046276B891C001D63EC /* MovieListViewModel.swift in Sources */,
				A747FAA9274FB16F00355FE0 /* TheOneAppApp.swift in Sources */,
				A7EE930C274FF0510046488C /* ServerBaseResponse.swift in Sources */,
				A7EE931D2750E5860046488C /* CharacterRepositoryImplementation.swift in Sources */,
				A785B6FA27688A3A006A50FC /* MainView.swift in Sources */,
				A777F00D276901F3001D63EC /* CharacterDetailItemView.swift in Sources */,
				A777F022276A4F06001D63EC /* Movies.swift in Sources */,
				A7EE9319274FF54D0046488C /* Constants.swift in Sources */,
				A777F02B276B30F9001D63EC /* MovieRepositoryImplementation.swift in Sources */,
				A7EE931B2750E5040046488C /* CharacterRepository.swift in Sources */,
				A785B6A527620D13006A50FC /* RenderImage.swift in Sources */,
				A777F04B276BA1B4001D63EC /* ImageItemView.swift in Sources */,
			);
			runOnlyForDeploymentPostprocessing = 0;
		};
		A747FAB1274FB17000355FE0 /* Sources */ = {
			isa = PBXSourcesBuildPhase;
			buildActionMask = 2147483647;
			files = (
				A777F036276B66CC001D63EC /* MovieRepositoryImplementationUnitTest.swift in Sources */,
				A785B6DA2763B6B8006A50FC /* CharacterDataSourceUnitTest.swift in Sources */,
				A785B6DC2763B87E006A50FC /* CharacterRepositoryImplementationUnitTest.swift in Sources */,
				A777F020276A48C9001D63EC /* GetAllCharactersUseCaseUnitTest.swift in Sources */,
				A777F02F276B5041001D63EC /* ServerMoviesResponseUnitTest.swift in Sources */,
				A777F018276A3EA8001D63EC /* CharacterUnitTest.swift in Sources */,
				A777F01B276A4228001D63EC /* ServerCharacterResponseUnitTest.swift in Sources */,
				A777F01E276A47A5001D63EC /* GetCharacterDetailUseCaseUnitTest.swift in Sources */,
				A785B6D82763B611006A50FC /* MockCharacterRepository.swift in Sources */,
				A777F032276B54BF001D63EC /* MockMovieRepository.swift in Sources */,
				A785B6D32763B583006A50FC /* MockURLProtocol.swift in Sources */,
				A777F034276B5633001D63EC /* MovieDataSourceUnitTest.swift in Sources */,
			);
			runOnlyForDeploymentPostprocessing = 0;
		};
		A747FABB274FB17000355FE0 /* Sources */ = {
			isa = PBXSourcesBuildPhase;
			buildActionMask = 2147483647;
			files = (
				A747FAC4274FB17000355FE0 /* TheOneAppUITests.swift in Sources */,
				A747FAC6274FB17000355FE0 /* TheOneAppUITestsLaunchTests.swift in Sources */,
			);
			runOnlyForDeploymentPostprocessing = 0;
		};
/* End PBXSourcesBuildPhase section */

/* Begin PBXTargetDependency section */
		A747FAB7274FB17000355FE0 /* PBXTargetDependency */ = {
			isa = PBXTargetDependency;
			target = A747FAA4274FB16F00355FE0 /* TheOneApp */;
			targetProxy = A747FAB6274FB17000355FE0 /* PBXContainerItemProxy */;
		};
		A747FAC1274FB17000355FE0 /* PBXTargetDependency */ = {
			isa = PBXTargetDependency;
			target = A747FAA4274FB16F00355FE0 /* TheOneApp */;
			targetProxy = A747FAC0274FB17000355FE0 /* PBXContainerItemProxy */;
		};
/* End PBXTargetDependency section */

/* Begin XCBuildConfiguration section */
		A747FAC7274FB17000355FE0 /* Debug */ = {
			isa = XCBuildConfiguration;
			buildSettings = {
				ALWAYS_SEARCH_USER_PATHS = NO;
				CLANG_ANALYZER_NONNULL = YES;
				CLANG_ANALYZER_NUMBER_OBJECT_CONVERSION = YES_AGGRESSIVE;
				CLANG_CXX_LANGUAGE_STANDARD = "gnu++17";
				CLANG_CXX_LIBRARY = "libc++";
				CLANG_ENABLE_MODULES = YES;
				CLANG_ENABLE_OBJC_ARC = YES;
				CLANG_ENABLE_OBJC_WEAK = YES;
				CLANG_WARN_BLOCK_CAPTURE_AUTORELEASING = YES;
				CLANG_WARN_BOOL_CONVERSION = YES;
				CLANG_WARN_COMMA = YES;
				CLANG_WARN_CONSTANT_CONVERSION = YES;
				CLANG_WARN_DEPRECATED_OBJC_IMPLEMENTATIONS = YES;
				CLANG_WARN_DIRECT_OBJC_ISA_USAGE = YES_ERROR;
				CLANG_WARN_DOCUMENTATION_COMMENTS = YES;
				CLANG_WARN_EMPTY_BODY = YES;
				CLANG_WARN_ENUM_CONVERSION = YES;
				CLANG_WARN_INFINITE_RECURSION = YES;
				CLANG_WARN_INT_CONVERSION = YES;
				CLANG_WARN_NON_LITERAL_NULL_CONVERSION = YES;
				CLANG_WARN_OBJC_IMPLICIT_RETAIN_SELF = YES;
				CLANG_WARN_OBJC_LITERAL_CONVERSION = YES;
				CLANG_WARN_OBJC_ROOT_CLASS = YES_ERROR;
				CLANG_WARN_QUOTED_INCLUDE_IN_FRAMEWORK_HEADER = YES;
				CLANG_WARN_RANGE_LOOP_ANALYSIS = YES;
				CLANG_WARN_STRICT_PROTOTYPES = YES;
				CLANG_WARN_SUSPICIOUS_MOVE = YES;
				CLANG_WARN_UNGUARDED_AVAILABILITY = YES_AGGRESSIVE;
				CLANG_WARN_UNREACHABLE_CODE = YES;
				CLANG_WARN__DUPLICATE_METHOD_MATCH = YES;
				COPY_PHASE_STRIP = NO;
				DEBUG_INFORMATION_FORMAT = dwarf;
				ENABLE_STRICT_OBJC_MSGSEND = YES;
				ENABLE_TESTABILITY = YES;
				GCC_C_LANGUAGE_STANDARD = gnu11;
				GCC_DYNAMIC_NO_PIC = NO;
				GCC_NO_COMMON_BLOCKS = YES;
				GCC_OPTIMIZATION_LEVEL = 0;
				GCC_PREPROCESSOR_DEFINITIONS = (
					"DEBUG=1",
					"$(inherited)",
				);
				GCC_WARN_64_TO_32_BIT_CONVERSION = YES;
				GCC_WARN_ABOUT_RETURN_TYPE = YES_ERROR;
				GCC_WARN_UNDECLARED_SELECTOR = YES;
				GCC_WARN_UNINITIALIZED_AUTOS = YES_AGGRESSIVE;
				GCC_WARN_UNUSED_FUNCTION = YES;
				GCC_WARN_UNUSED_VARIABLE = YES;
				INFOPLIST_KEY_UILaunchScreen_Generation = NO;
				INFOPLIST_KEY_UILaunchStoryboardName = LaunchScreen;
				IPHONEOS_DEPLOYMENT_TARGET = 15.0;
				MTL_ENABLE_DEBUG_INFO = INCLUDE_SOURCE;
				MTL_FAST_MATH = YES;
				ONLY_ACTIVE_ARCH = YES;
				SDKROOT = iphoneos;
				SWIFT_ACTIVE_COMPILATION_CONDITIONS = DEBUG;
				SWIFT_OPTIMIZATION_LEVEL = "-Onone";
			};
			name = Debug;
		};
		A747FAC8274FB17000355FE0 /* Release */ = {
			isa = XCBuildConfiguration;
			buildSettings = {
				ALWAYS_SEARCH_USER_PATHS = NO;
				CLANG_ANALYZER_NONNULL = YES;
				CLANG_ANALYZER_NUMBER_OBJECT_CONVERSION = YES_AGGRESSIVE;
				CLANG_CXX_LANGUAGE_STANDARD = "gnu++17";
				CLANG_CXX_LIBRARY = "libc++";
				CLANG_ENABLE_MODULES = YES;
				CLANG_ENABLE_OBJC_ARC = YES;
				CLANG_ENABLE_OBJC_WEAK = YES;
				CLANG_WARN_BLOCK_CAPTURE_AUTORELEASING = YES;
				CLANG_WARN_BOOL_CONVERSION = YES;
				CLANG_WARN_COMMA = YES;
				CLANG_WARN_CONSTANT_CONVERSION = YES;
				CLANG_WARN_DEPRECATED_OBJC_IMPLEMENTATIONS = YES;
				CLANG_WARN_DIRECT_OBJC_ISA_USAGE = YES_ERROR;
				CLANG_WARN_DOCUMENTATION_COMMENTS = YES;
				CLANG_WARN_EMPTY_BODY = YES;
				CLANG_WARN_ENUM_CONVERSION = YES;
				CLANG_WARN_INFINITE_RECURSION = YES;
				CLANG_WARN_INT_CONVERSION = YES;
				CLANG_WARN_NON_LITERAL_NULL_CONVERSION = YES;
				CLANG_WARN_OBJC_IMPLICIT_RETAIN_SELF = YES;
				CLANG_WARN_OBJC_LITERAL_CONVERSION = YES;
				CLANG_WARN_OBJC_ROOT_CLASS = YES_ERROR;
				CLANG_WARN_QUOTED_INCLUDE_IN_FRAMEWORK_HEADER = YES;
				CLANG_WARN_RANGE_LOOP_ANALYSIS = YES;
				CLANG_WARN_STRICT_PROTOTYPES = YES;
				CLANG_WARN_SUSPICIOUS_MOVE = YES;
				CLANG_WARN_UNGUARDED_AVAILABILITY = YES_AGGRESSIVE;
				CLANG_WARN_UNREACHABLE_CODE = YES;
				CLANG_WARN__DUPLICATE_METHOD_MATCH = YES;
				COPY_PHASE_STRIP = NO;
				DEBUG_INFORMATION_FORMAT = "dwarf-with-dsym";
				ENABLE_NS_ASSERTIONS = NO;
				ENABLE_STRICT_OBJC_MSGSEND = YES;
				GCC_C_LANGUAGE_STANDARD = gnu11;
				GCC_NO_COMMON_BLOCKS = YES;
				GCC_WARN_64_TO_32_BIT_CONVERSION = YES;
				GCC_WARN_ABOUT_RETURN_TYPE = YES_ERROR;
				GCC_WARN_UNDECLARED_SELECTOR = YES;
				GCC_WARN_UNINITIALIZED_AUTOS = YES_AGGRESSIVE;
				GCC_WARN_UNUSED_FUNCTION = YES;
				GCC_WARN_UNUSED_VARIABLE = YES;
				INFOPLIST_KEY_UILaunchScreen_Generation = NO;
				INFOPLIST_KEY_UILaunchStoryboardName = LaunchScreen;
				IPHONEOS_DEPLOYMENT_TARGET = 15.0;
				MTL_ENABLE_DEBUG_INFO = NO;
				MTL_FAST_MATH = YES;
				SDKROOT = iphoneos;
				SWIFT_COMPILATION_MODE = wholemodule;
				SWIFT_OPTIMIZATION_LEVEL = "-O";
				VALIDATE_PRODUCT = YES;
			};
			name = Release;
		};
		A747FACA274FB17000355FE0 /* Debug */ = {
			isa = XCBuildConfiguration;
			buildSettings = {
				ASSETCATALOG_COMPILER_APPICON_NAME = AppIcon;
				ASSETCATALOG_COMPILER_GLOBAL_ACCENT_COLOR_NAME = AccentColor;
				CODE_SIGN_STYLE = Automatic;
				CURRENT_PROJECT_VERSION = 1;
				DEVELOPMENT_ASSET_PATHS = "\"TheOneApp/Preview Content\"";
				DEVELOPMENT_TEAM = F3Y5649G7F;
				ENABLE_PREVIEWS = YES;
				GENERATE_INFOPLIST_FILE = YES;
				INFOPLIST_FILE = TheOneApp/Info.plist;
				INFOPLIST_KEY_UIApplicationSceneManifest_Generation = YES;
				INFOPLIST_KEY_UIApplicationSupportsIndirectInputEvents = YES;
				INFOPLIST_KEY_UILaunchScreen_Generation = YES;
				INFOPLIST_KEY_UISupportedInterfaceOrientations_iPad = "UIInterfaceOrientationPortrait UIInterfaceOrientationPortraitUpsideDown UIInterfaceOrientationLandscapeLeft UIInterfaceOrientationLandscapeRight";
				INFOPLIST_KEY_UISupportedInterfaceOrientations_iPhone = "UIInterfaceOrientationPortrait UIInterfaceOrientationLandscapeLeft UIInterfaceOrientationLandscapeRight";
				IPHONEOS_DEPLOYMENT_TARGET = 14.0;
				LD_RUNPATH_SEARCH_PATHS = (
					"$(inherited)",
					"@executable_path/Frameworks",
				);
				MARKETING_VERSION = 1.0;
				PRODUCT_BUNDLE_IDENTIFIER = silvia.TheOneApp;
				PRODUCT_NAME = "$(TARGET_NAME)";
				SWIFT_EMIT_LOC_STRINGS = YES;
				SWIFT_VERSION = 5.0;
				TARGETED_DEVICE_FAMILY = "1,2";
			};
			name = Debug;
		};
		A747FACB274FB17000355FE0 /* Release */ = {
			isa = XCBuildConfiguration;
			buildSettings = {
				ASSETCATALOG_COMPILER_APPICON_NAME = AppIcon;
				ASSETCATALOG_COMPILER_GLOBAL_ACCENT_COLOR_NAME = AccentColor;
				CODE_SIGN_STYLE = Automatic;
				CURRENT_PROJECT_VERSION = 1;
				DEVELOPMENT_ASSET_PATHS = "\"TheOneApp/Preview Content\"";
				DEVELOPMENT_TEAM = F3Y5649G7F;
				ENABLE_PREVIEWS = YES;
				GENERATE_INFOPLIST_FILE = YES;
				INFOPLIST_FILE = TheOneApp/Info.plist;
				INFOPLIST_KEY_UIApplicationSceneManifest_Generation = YES;
				INFOPLIST_KEY_UIApplicationSupportsIndirectInputEvents = YES;
				INFOPLIST_KEY_UILaunchScreen_Generation = YES;
				INFOPLIST_KEY_UISupportedInterfaceOrientations_iPad = "UIInterfaceOrientationPortrait UIInterfaceOrientationPortraitUpsideDown UIInterfaceOrientationLandscapeLeft UIInterfaceOrientationLandscapeRight";
				INFOPLIST_KEY_UISupportedInterfaceOrientations_iPhone = "UIInterfaceOrientationPortrait UIInterfaceOrientationLandscapeLeft UIInterfaceOrientationLandscapeRight";
				IPHONEOS_DEPLOYMENT_TARGET = 14.0;
				LD_RUNPATH_SEARCH_PATHS = (
					"$(inherited)",
					"@executable_path/Frameworks",
				);
				MARKETING_VERSION = 1.0;
				PRODUCT_BUNDLE_IDENTIFIER = silvia.TheOneApp;
				PRODUCT_NAME = "$(TARGET_NAME)";
				SWIFT_EMIT_LOC_STRINGS = YES;
				SWIFT_VERSION = 5.0;
				TARGETED_DEVICE_FAMILY = "1,2";
			};
			name = Release;
		};
		A747FACD274FB17000355FE0 /* Debug */ = {
			isa = XCBuildConfiguration;
			buildSettings = {
				ALWAYS_EMBED_SWIFT_STANDARD_LIBRARIES = YES;
				BUNDLE_LOADER = "$(TEST_HOST)";
				CODE_SIGN_STYLE = Automatic;
				CURRENT_PROJECT_VERSION = 1;
				DEVELOPMENT_TEAM = F3Y5649G7F;
				GENERATE_INFOPLIST_FILE = YES;
				IPHONEOS_DEPLOYMENT_TARGET = 14.0;
				LD_RUNPATH_SEARCH_PATHS = (
					"$(inherited)",
					"@executable_path/Frameworks",
					"@loader_path/Frameworks",
				);
				MARKETING_VERSION = 1.0;
				PRODUCT_BUNDLE_IDENTIFIER = silvia.TheOneAppTests;
				PRODUCT_NAME = "$(TARGET_NAME)";
				SWIFT_EMIT_LOC_STRINGS = NO;
				SWIFT_VERSION = 5.0;
				TARGETED_DEVICE_FAMILY = "1,2";
				TEST_HOST = "$(BUILT_PRODUCTS_DIR)/TheOneApp.app/TheOneApp";
			};
			name = Debug;
		};
		A747FACE274FB17000355FE0 /* Release */ = {
			isa = XCBuildConfiguration;
			buildSettings = {
				ALWAYS_EMBED_SWIFT_STANDARD_LIBRARIES = YES;
				BUNDLE_LOADER = "$(TEST_HOST)";
				CODE_SIGN_STYLE = Automatic;
				CURRENT_PROJECT_VERSION = 1;
				DEVELOPMENT_TEAM = F3Y5649G7F;
				GENERATE_INFOPLIST_FILE = YES;
				IPHONEOS_DEPLOYMENT_TARGET = 14.0;
				LD_RUNPATH_SEARCH_PATHS = (
					"$(inherited)",
					"@executable_path/Frameworks",
					"@loader_path/Frameworks",
				);
				MARKETING_VERSION = 1.0;
				PRODUCT_BUNDLE_IDENTIFIER = silvia.TheOneAppTests;
				PRODUCT_NAME = "$(TARGET_NAME)";
				SWIFT_EMIT_LOC_STRINGS = NO;
				SWIFT_VERSION = 5.0;
				TARGETED_DEVICE_FAMILY = "1,2";
				TEST_HOST = "$(BUILT_PRODUCTS_DIR)/TheOneApp.app/TheOneApp";
			};
			name = Release;
		};
		A747FAD0274FB17000355FE0 /* Debug */ = {
			isa = XCBuildConfiguration;
			buildSettings = {
				ALWAYS_EMBED_SWIFT_STANDARD_LIBRARIES = YES;
				CODE_SIGN_STYLE = Automatic;
				CURRENT_PROJECT_VERSION = 1;
				DEVELOPMENT_TEAM = F3Y5649G7F;
				GENERATE_INFOPLIST_FILE = YES;
				LD_RUNPATH_SEARCH_PATHS = (
					"$(inherited)",
					"@executable_path/Frameworks",
					"@loader_path/Frameworks",
				);
				MARKETING_VERSION = 1.0;
				PRODUCT_BUNDLE_IDENTIFIER = silvia.TheOneAppUITests;
				PRODUCT_NAME = "$(TARGET_NAME)";
				SWIFT_EMIT_LOC_STRINGS = NO;
				SWIFT_VERSION = 5.0;
				TARGETED_DEVICE_FAMILY = "1,2";
				TEST_TARGET_NAME = TheOneApp;
			};
			name = Debug;
		};
		A747FAD1274FB17000355FE0 /* Release */ = {
			isa = XCBuildConfiguration;
			buildSettings = {
				ALWAYS_EMBED_SWIFT_STANDARD_LIBRARIES = YES;
				CODE_SIGN_STYLE = Automatic;
				CURRENT_PROJECT_VERSION = 1;
				DEVELOPMENT_TEAM = F3Y5649G7F;
				GENERATE_INFOPLIST_FILE = YES;
				LD_RUNPATH_SEARCH_PATHS = (
					"$(inherited)",
					"@executable_path/Frameworks",
					"@loader_path/Frameworks",
				);
				MARKETING_VERSION = 1.0;
				PRODUCT_BUNDLE_IDENTIFIER = silvia.TheOneAppUITests;
				PRODUCT_NAME = "$(TARGET_NAME)";
				SWIFT_EMIT_LOC_STRINGS = NO;
				SWIFT_VERSION = 5.0;
				TARGETED_DEVICE_FAMILY = "1,2";
				TEST_TARGET_NAME = TheOneApp;
			};
			name = Release;
		};
/* End XCBuildConfiguration section */

/* Begin XCConfigurationList section */
		A747FAA0274FB16F00355FE0 /* Build configuration list for PBXProject "TheOneApp" */ = {
			isa = XCConfigurationList;
			buildConfigurations = (
				A747FAC7274FB17000355FE0 /* Debug */,
				A747FAC8274FB17000355FE0 /* Release */,
			);
			defaultConfigurationIsVisible = 0;
			defaultConfigurationName = Release;
		};
		A747FAC9274FB17000355FE0 /* Build configuration list for PBXNativeTarget "TheOneApp" */ = {
			isa = XCConfigurationList;
			buildConfigurations = (
				A747FACA274FB17000355FE0 /* Debug */,
				A747FACB274FB17000355FE0 /* Release */,
			);
			defaultConfigurationIsVisible = 0;
			defaultConfigurationName = Release;
		};
		A747FACC274FB17000355FE0 /* Build configuration list for PBXNativeTarget "TheOneAppTests" */ = {
			isa = XCConfigurationList;
			buildConfigurations = (
				A747FACD274FB17000355FE0 /* Debug */,
				A747FACE274FB17000355FE0 /* Release */,
			);
			defaultConfigurationIsVisible = 0;
			defaultConfigurationName = Release;
		};
		A747FACF274FB17000355FE0 /* Build configuration list for PBXNativeTarget "TheOneAppUITests" */ = {
			isa = XCConfigurationList;
			buildConfigurations = (
				A747FAD0274FB17000355FE0 /* Debug */,
				A747FAD1274FB17000355FE0 /* Release */,
			);
			defaultConfigurationIsVisible = 0;
			defaultConfigurationName = Release;
		};
/* End XCConfigurationList section */

/* Begin XCRemoteSwiftPackageReference section */
		A785B6B927623740006A50FC /* XCRemoteSwiftPackageReference "lottie-ios" */ = {
			isa = XCRemoteSwiftPackageReference;
			repositoryURL = "https://github.com/airbnb/lottie-ios";
			requirement = {
				branch = master;
				kind = branch;
			};
		};
/* End XCRemoteSwiftPackageReference section */

/* Begin XCSwiftPackageProductDependency section */
		A785B6BA27623740006A50FC /* Lottie */ = {
			isa = XCSwiftPackageProductDependency;
			package = A785B6B927623740006A50FC /* XCRemoteSwiftPackageReference "lottie-ios" */;
			productName = Lottie;
		};
/* End XCSwiftPackageProductDependency section */
	};
	rootObject = A747FA9D274FB16F00355FE0 /* Project object */;
}
