{
  "object": {
    "pins": [
      {
        "package": "Lottie",
        "repositoryURL": "https://github.com/airbnb/lottie-ios",
        "state": {
          "branch": "master",
          "revision": "ebcb4ed8c228dde43ac50479b16e5b63a252e53c",
          "version": null
        }
      }
    ]
  },
  "version": 1
}
